// !$*UTF8*$!
{
	archiveVersion = 1;
	classes = {
	};
	objectVersion = 56;
	objects = {

/* Begin PBXBuildFile section */
		BE04CA162994259700EF1945 /* TodoDeleter.swift in Sources */ = {isa = PBXBuildFile; fileRef = BE04CA152994259700EF1945 /* TodoDeleter.swift */; };
		BE04CA1A2994975F00EF1945 /* UITextView+TextPublisher.swift in Sources */ = {isa = PBXBuildFile; fileRef = BE04CA192994975F00EF1945 /* UITextView+TextPublisher.swift */; };
		BE04CA1C2995078400EF1945 /* TodosSnapshotTests.swift in Sources */ = {isa = PBXBuildFile; fileRef = BE04CA1B2995078400EF1945 /* TodosSnapshotTests.swift */; };
		BE04CA2129950A0B00EF1945 /* XCTestCase+Snapshot.swift in Sources */ = {isa = PBXBuildFile; fileRef = BE04CA2029950A0B00EF1945 /* XCTestCase+Snapshot.swift */; };
		BE04CA2329950A1E00EF1945 /* UIViewController+Snapshot.swift in Sources */ = {isa = PBXBuildFile; fileRef = BE04CA2229950A1E00EF1945 /* UIViewController+Snapshot.swift */; };
		BE04CA3A2995166B00EF1945 /* EMPTY_TODOS_light_extraExtraExtraLarge.png in Resources */ = {isa = PBXBuildFile; fileRef = BE04CA312995166B00EF1945 /* EMPTY_TODOS_light_extraExtraExtraLarge.png */; };
		BE04CA3B2995166B00EF1945 /* TODOS_WITH_CONTENT_extraExtraExtraLarge.png in Resources */ = {isa = PBXBuildFile; fileRef = BE04CA322995166B00EF1945 /* TODOS_WITH_CONTENT_extraExtraExtraLarge.png */; };
		BE04CA3E2995166B00EF1945 /* EMPTY_TODOS_dark.png in Resources */ = {isa = PBXBuildFile; fileRef = BE04CA352995166B00EF1945 /* EMPTY_TODOS_dark.png */; };
		BE04CA3F2995166B00EF1945 /* EMPTY_TODOS_light.png in Resources */ = {isa = PBXBuildFile; fileRef = BE04CA362995166B00EF1945 /* EMPTY_TODOS_light.png */; };
		BE04CA402995166B00EF1945 /* TODOS_WITH_CONTENT_light.png in Resources */ = {isa = PBXBuildFile; fileRef = BE04CA372995166B00EF1945 /* TODOS_WITH_CONTENT_light.png */; };
		BE04CA422995166B00EF1945 /* TODOS_WITH_CONTENT_dark.png in Resources */ = {isa = PBXBuildFile; fileRef = BE04CA392995166B00EF1945 /* TODOS_WITH_CONTENT_dark.png */; };
		BE04CA442995213600EF1945 /* UITextView+Inset.swift in Sources */ = {isa = PBXBuildFile; fileRef = BE04CA432995213600EF1945 /* UITextView+Inset.swift */; };
		BE04CA4B299540CD00EF1945 /* TODOS_WITH_EMPTY_CONTENT_light.png in Resources */ = {isa = PBXBuildFile; fileRef = BE04CA45299540CD00EF1945 /* TODOS_WITH_EMPTY_CONTENT_light.png */; };
		BE04CA4C299540CD00EF1945 /* TODOS_WITH_MULTILINE_CONTENT_light.png in Resources */ = {isa = PBXBuildFile; fileRef = BE04CA46299540CD00EF1945 /* TODOS_WITH_MULTILINE_CONTENT_light.png */; };
		BE04CA4D299540CD00EF1945 /* TODOS_WITH_EMPTY_CONTENT_dark.png in Resources */ = {isa = PBXBuildFile; fileRef = BE04CA47299540CD00EF1945 /* TODOS_WITH_EMPTY_CONTENT_dark.png */; };
		BE04CA4E299540CD00EF1945 /* TODOS_WITH_MULTILINE_CONTENT_dark.png in Resources */ = {isa = PBXBuildFile; fileRef = BE04CA48299540CD00EF1945 /* TODOS_WITH_MULTILINE_CONTENT_dark.png */; };
		BE04CA4F299540CD00EF1945 /* TODOS_WITH_MULTILINE_CONTENT_extraExtraExtraLarge.png in Resources */ = {isa = PBXBuildFile; fileRef = BE04CA49299540CD00EF1945 /* TODOS_WITH_MULTILINE_CONTENT_extraExtraExtraLarge.png */; };
		BE04CA50299540CD00EF1945 /* TODOS_WITH_EMPTY_CONTENT_extraExtraExtraLarge.png in Resources */ = {isa = PBXBuildFile; fileRef = BE04CA4A299540CD00EF1945 /* TODOS_WITH_EMPTY_CONTENT_extraExtraExtraLarge.png */; };
		BE04CA532995480700EF1945 /* TodoPlaceholder.strings in Resources */ = {isa = PBXBuildFile; fileRef = BE04CA552995480700EF1945 /* TodoPlaceholder.strings */; };
		BE04CA5729954DCB00EF1945 /* TodoPlaceholderLocalizationTests.swift in Sources */ = {isa = PBXBuildFile; fileRef = BE04CA5629954DCB00EF1945 /* TodoPlaceholderLocalizationTests.swift */; };
		BE04CA5929954E1C00EF1945 /* TodoPlaceholderProvider.swift in Sources */ = {isa = PBXBuildFile; fileRef = BE04CA5829954E1C00EF1945 /* TodoPlaceholderProvider.swift */; };
		BE288EE8299308CA005B274E /* RadioButton.swift in Sources */ = {isa = PBXBuildFile; fileRef = BE288EE7299308CA005B274E /* RadioButton.swift */; };
		BE288EEF299341B8005B274E /* UITableView+Dequeue.swift in Sources */ = {isa = PBXBuildFile; fileRef = BE288EEE299341B8005B274E /* UITableView+Dequeue.swift */; };
		BE288EF22993F138005B274E /* TodosUIIntegrationTests.swift in Sources */ = {isa = PBXBuildFile; fileRef = BE288EF02993F111005B274E /* TodosUIIntegrationTests.swift */; };
		BE288EFC2993F165005B274E /* UIControl+TestHelpers.swift in Sources */ = {isa = PBXBuildFile; fileRef = BE288EFA2993F156005B274E /* UIControl+TestHelpers.swift */; };
		BE288EFD2993F165005B274E /* UIButton+TestHelpers.swift in Sources */ = {isa = PBXBuildFile; fileRef = BE288EF92993F156005B274E /* UIButton+TestHelpers.swift */; };
		BE288EFE2993F165005B274E /* TodosViewController+TestHelpers.swift in Sources */ = {isa = PBXBuildFile; fileRef = BE288EF32993F156005B274E /* TodosViewController+TestHelpers.swift */; };
		BE288EFF2993F165005B274E /* UIRefreshControl+TestHelpers.swift in Sources */ = {isa = PBXBuildFile; fileRef = BE288EF42993F156005B274E /* UIRefreshControl+TestHelpers.swift */; };
		BE288F012993F165005B274E /* TodosUIIntegrationTests+Localization.swift in Sources */ = {isa = PBXBuildFile; fileRef = BE288EF62993F156005B274E /* TodosUIIntegrationTests+Localization.swift */; };
		BE288F032993F165005B274E /* TodoCell+TestHelpers.swift in Sources */ = {isa = PBXBuildFile; fileRef = BE288EF52993F156005B274E /* TodoCell+TestHelpers.swift */; };
		BE288F062993F239005B274E /* TodosUIComposer.swift in Sources */ = {isa = PBXBuildFile; fileRef = BE288F052993F239005B274E /* TodosUIComposer.swift */; };
		BE2E16FC298E74BF00E504E3 /* TodoEngine.framework in Frameworks */ = {isa = PBXBuildFile; fileRef = BE2E16F1298E74BF00E504E3 /* TodoEngine.framework */; };
		BE2E170D298E768F00E504E3 /* TodoItem.swift in Sources */ = {isa = PBXBuildFile; fileRef = BE2E170C298E768F00E504E3 /* TodoItem.swift */; };
		BE2E1710298E78A100E504E3 /* TodoCache.swift in Sources */ = {isa = PBXBuildFile; fileRef = BE2E170F298E78A100E504E3 /* TodoCache.swift */; };
		BE2E1714298E7DFA00E504E3 /* CachedTodosUseCaseTests.swift in Sources */ = {isa = PBXBuildFile; fileRef = BE2E1713298E7DFA00E504E3 /* CachedTodosUseCaseTests.swift */; };
		BE2E1717298E885300E504E3 /* XCTestCase+MemoryLeakTracking.swift in Sources */ = {isa = PBXBuildFile; fileRef = BE2E1716298E885300E504E3 /* XCTestCase+MemoryLeakTracking.swift */; };
		BE2E171C298E95E700E504E3 /* TodoStore.swift in Sources */ = {isa = PBXBuildFile; fileRef = BE2E171B298E95E700E504E3 /* TodoStore.swift */; };
		BE2E171E298E96C900E504E3 /* LocalTodoLoader.swift in Sources */ = {isa = PBXBuildFile; fileRef = BE2E171D298E96C900E504E3 /* LocalTodoLoader.swift */; };
		BE2E1721298E973400E504E3 /* TodoStoreSpy.swift in Sources */ = {isa = PBXBuildFile; fileRef = BE2E1720298E973400E504E3 /* TodoStoreSpy.swift */; };
		BE2E1723298E978700E504E3 /* SharedTestHelpers.swift in Sources */ = {isa = PBXBuildFile; fileRef = BE2E1722298E978700E504E3 /* SharedTestHelpers.swift */; };
		BE2E1725298E991800E504E3 /* LoadTodosFromCacheUseCaseTests.swift in Sources */ = {isa = PBXBuildFile; fileRef = BE2E1724298E991800E504E3 /* LoadTodosFromCacheUseCaseTests.swift */; };
		BE2E1727298EA84700E504E3 /* TodoTestHelpers.swift in Sources */ = {isa = PBXBuildFile; fileRef = BE2E1726298EA84700E504E3 /* TodoTestHelpers.swift */; };
		BE2E1729298F240700E504E3 /* DeleteTodosFromCacheUseCaseTests.swift in Sources */ = {isa = PBXBuildFile; fileRef = BE2E1728298F240700E504E3 /* DeleteTodosFromCacheUseCaseTests.swift */; };
		BE2E172B298F2D2700E504E3 /* FileManagerFeedStoreTests.swift in Sources */ = {isa = PBXBuildFile; fileRef = BE2E172A298F2D2700E504E3 /* FileManagerFeedStoreTests.swift */; };
		BE2E172E298FE2D400E504E3 /* FileManagerTodoStore.swift in Sources */ = {isa = PBXBuildFile; fileRef = BE2E172D298FE2D400E504E3 /* FileManagerTodoStore.swift */; };
		BE2E1730298FE30100E504E3 /* FileManagerTodoStore+TodoStore.swift in Sources */ = {isa = PBXBuildFile; fileRef = BE2E172F298FE30100E504E3 /* FileManagerTodoStore+TodoStore.swift */; };
		BE2E1732298FE81900E504E3 /* FileManagerTodoStoreTestHelpers.swift in Sources */ = {isa = PBXBuildFile; fileRef = BE2E1731298FE81900E504E3 /* FileManagerTodoStoreTestHelpers.swift */; };
		BE2E1734298FE8F100E504E3 /* TodoCacheIntegrationTests.swift in Sources */ = {isa = PBXBuildFile; fileRef = BE2E1733298FE8F100E504E3 /* TodoCacheIntegrationTests.swift */; };
		BE2E1738298FF0BC00E504E3 /* TodoPresentationTests.swift in Sources */ = {isa = PBXBuildFile; fileRef = BE2E1737298FF0BC00E504E3 /* TodoPresentationTests.swift */; };
		BE2E173A299017C000E504E3 /* TodoPresenter.swift in Sources */ = {isa = PBXBuildFile; fileRef = BE2E1739299017C000E504E3 /* TodoPresenter.swift */; };
		BE2E173C299017D500E504E3 /* TodoItemViewModel.swift in Sources */ = {isa = PBXBuildFile; fileRef = BE2E173B299017D500E504E3 /* TodoItemViewModel.swift */; };
		BE2E17422990194D00E504E3 /* TodosLocalizationTests.swift in Sources */ = {isa = PBXBuildFile; fileRef = BE2E17412990194D00E504E3 /* TodosLocalizationTests.swift */; };
		BE2E1745299019F800E504E3 /* Todos.strings in Resources */ = {isa = PBXBuildFile; fileRef = BE2E1747299019F800E504E3 /* Todos.strings */; };
		BE2E174929901AA400E504E3 /* SharedLocalizationTestHelpers.swift in Sources */ = {isa = PBXBuildFile; fileRef = BE2E174829901AA400E504E3 /* SharedLocalizationTestHelpers.swift */; };
		BE2E17592990342C00E504E3 /* TodoiOS.framework in Frameworks */ = {isa = PBXBuildFile; fileRef = BE2E174F2990342B00E504E3 /* TodoiOS.framework */; };
		BE387FD829903F9100BA6712 /* TodoLoader.swift in Sources */ = {isa = PBXBuildFile; fileRef = BE387FD729903F9100BA6712 /* TodoLoader.swift */; };
		BE387FDA2990402B00BA6712 /* TodoEngine.framework in Frameworks */ = {isa = PBXBuildFile; fileRef = BE2E16F1298E74BF00E504E3 /* TodoEngine.framework */; platformFilter = ios; };
		BE387FDB2990402B00BA6712 /* TodoEngine.framework in Embed Frameworks */ = {isa = PBXBuildFile; fileRef = BE2E16F1298E74BF00E504E3 /* TodoEngine.framework */; platformFilter = ios; settings = {ATTRIBUTES = (CodeSignOnCopy, RemoveHeadersOnCopy, ); }; };
		BE387FDF29904CD800BA6712 /* XCTestCase+MemoryLeakTracking.swift in Sources */ = {isa = PBXBuildFile; fileRef = BE2E1716298E885300E504E3 /* XCTestCase+MemoryLeakTracking.swift */; };
		BE387FE129915E5300BA6712 /* TodosViewController.swift in Sources */ = {isa = PBXBuildFile; fileRef = BE387FE029915E5300BA6712 /* TodosViewController.swift */; };
		BE387FE3299167E000BA6712 /* TodoCell.swift in Sources */ = {isa = PBXBuildFile; fileRef = BE387FE2299167E000BA6712 /* TodoCell.swift */; };
		BE387FE429916ECC00BA6712 /* SharedTestHelpers.swift in Sources */ = {isa = PBXBuildFile; fileRef = BE2E1722298E978700E504E3 /* SharedTestHelpers.swift */; };
		BE387FF5299199BF00BA6712 /* TodoCellController.swift in Sources */ = {isa = PBXBuildFile; fileRef = BE387FF4299199BF00BA6712 /* TodoCellController.swift */; };
		BE387FF72991B91E00BA6712 /* TodosRefreshViewController.swift in Sources */ = {isa = PBXBuildFile; fileRef = BE387FF62991B91E00BA6712 /* TodosRefreshViewController.swift */; };
		BE387FFB2991D03F00BA6712 /* TodosViewModel.swift in Sources */ = {isa = PBXBuildFile; fileRef = BE387FF92991B95500BA6712 /* TodosViewModel.swift */; };
/* End PBXBuildFile section */

/* Begin PBXContainerItemProxy section */
		BE2E16FD298E74BF00E504E3 /* PBXContainerItemProxy */ = {
			isa = PBXContainerItemProxy;
			containerPortal = BE2E16E8298E74BE00E504E3 /* Project object */;
			proxyType = 1;
			remoteGlobalIDString = BE2E16F0298E74BE00E504E3;
			remoteInfo = TodoEngine;
		};
		BE2E175A2990342C00E504E3 /* PBXContainerItemProxy */ = {
			isa = PBXContainerItemProxy;
			containerPortal = BE2E16E8298E74BE00E504E3 /* Project object */;
			proxyType = 1;
			remoteGlobalIDString = BE2E174E2990342B00E504E3;
			remoteInfo = TodoiOS;
		};
		BE387FDC2990402B00BA6712 /* PBXContainerItemProxy */ = {
			isa = PBXContainerItemProxy;
			containerPortal = BE2E16E8298E74BE00E504E3 /* Project object */;
			proxyType = 1;
			remoteGlobalIDString = BE2E16F0298E74BE00E504E3;
			remoteInfo = TodoEngine;
		};
/* End PBXContainerItemProxy section */

/* Begin PBXCopyFilesBuildPhase section */
		BE387FDE2990402B00BA6712 /* Embed Frameworks */ = {
			isa = PBXCopyFilesBuildPhase;
			buildActionMask = 2147483647;
			dstPath = "";
			dstSubfolderSpec = 10;
			files = (
				BE387FDB2990402B00BA6712 /* TodoEngine.framework in Embed Frameworks */,
			);
			name = "Embed Frameworks";
			runOnlyForDeploymentPostprocessing = 0;
		};
/* End PBXCopyFilesBuildPhase section */

/* Begin PBXFileReference section */
		BE04CA152994259700EF1945 /* TodoDeleter.swift */ = {isa = PBXFileReference; lastKnownFileType = sourcecode.swift; path = TodoDeleter.swift; sourceTree = "<group>"; };
		BE04CA192994975F00EF1945 /* UITextView+TextPublisher.swift */ = {isa = PBXFileReference; lastKnownFileType = sourcecode.swift; path = "UITextView+TextPublisher.swift"; sourceTree = "<group>"; };
		BE04CA1B2995078400EF1945 /* TodosSnapshotTests.swift */ = {isa = PBXFileReference; lastKnownFileType = sourcecode.swift; path = TodosSnapshotTests.swift; sourceTree = "<group>"; };
		BE04CA2029950A0B00EF1945 /* XCTestCase+Snapshot.swift */ = {isa = PBXFileReference; lastKnownFileType = sourcecode.swift; path = "XCTestCase+Snapshot.swift"; sourceTree = "<group>"; };
		BE04CA2229950A1E00EF1945 /* UIViewController+Snapshot.swift */ = {isa = PBXFileReference; lastKnownFileType = sourcecode.swift; path = "UIViewController+Snapshot.swift"; sourceTree = "<group>"; };
		BE04CA312995166B00EF1945 /* EMPTY_TODOS_light_extraExtraExtraLarge.png */ = {isa = PBXFileReference; lastKnownFileType = image.png; path = EMPTY_TODOS_light_extraExtraExtraLarge.png; sourceTree = "<group>"; };
		BE04CA322995166B00EF1945 /* TODOS_WITH_CONTENT_extraExtraExtraLarge.png */ = {isa = PBXFileReference; lastKnownFileType = image.png; path = TODOS_WITH_CONTENT_extraExtraExtraLarge.png; sourceTree = "<group>"; };
		BE04CA352995166B00EF1945 /* EMPTY_TODOS_dark.png */ = {isa = PBXFileReference; lastKnownFileType = image.png; path = EMPTY_TODOS_dark.png; sourceTree = "<group>"; };
		BE04CA362995166B00EF1945 /* EMPTY_TODOS_light.png */ = {isa = PBXFileReference; lastKnownFileType = image.png; path = EMPTY_TODOS_light.png; sourceTree = "<group>"; };
		BE04CA372995166B00EF1945 /* TODOS_WITH_CONTENT_light.png */ = {isa = PBXFileReference; lastKnownFileType = image.png; path = TODOS_WITH_CONTENT_light.png; sourceTree = "<group>"; };
		BE04CA392995166B00EF1945 /* TODOS_WITH_CONTENT_dark.png */ = {isa = PBXFileReference; lastKnownFileType = image.png; path = TODOS_WITH_CONTENT_dark.png; sourceTree = "<group>"; };
		BE04CA432995213600EF1945 /* UITextView+Inset.swift */ = {isa = PBXFileReference; lastKnownFileType = sourcecode.swift; path = "UITextView+Inset.swift"; sourceTree = "<group>"; };
		BE04CA45299540CD00EF1945 /* TODOS_WITH_EMPTY_CONTENT_light.png */ = {isa = PBXFileReference; lastKnownFileType = image.png; path = TODOS_WITH_EMPTY_CONTENT_light.png; sourceTree = "<group>"; };
		BE04CA46299540CD00EF1945 /* TODOS_WITH_MULTILINE_CONTENT_light.png */ = {isa = PBXFileReference; lastKnownFileType = image.png; path = TODOS_WITH_MULTILINE_CONTENT_light.png; sourceTree = "<group>"; };
		BE04CA47299540CD00EF1945 /* TODOS_WITH_EMPTY_CONTENT_dark.png */ = {isa = PBXFileReference; lastKnownFileType = image.png; path = TODOS_WITH_EMPTY_CONTENT_dark.png; sourceTree = "<group>"; };
		BE04CA48299540CD00EF1945 /* TODOS_WITH_MULTILINE_CONTENT_dark.png */ = {isa = PBXFileReference; lastKnownFileType = image.png; path = TODOS_WITH_MULTILINE_CONTENT_dark.png; sourceTree = "<group>"; };
		BE04CA49299540CD00EF1945 /* TODOS_WITH_MULTILINE_CONTENT_extraExtraExtraLarge.png */ = {isa = PBXFileReference; lastKnownFileType = image.png; path = TODOS_WITH_MULTILINE_CONTENT_extraExtraExtraLarge.png; sourceTree = "<group>"; };
		BE04CA4A299540CD00EF1945 /* TODOS_WITH_EMPTY_CONTENT_extraExtraExtraLarge.png */ = {isa = PBXFileReference; lastKnownFileType = image.png; path = TODOS_WITH_EMPTY_CONTENT_extraExtraExtraLarge.png; sourceTree = "<group>"; };
		BE04CA542995480700EF1945 /* en */ = {isa = PBXFileReference; lastKnownFileType = text.plist.strings; name = en; path = en.lproj/TodoPlaceholder.strings; sourceTree = "<group>"; };
		BE04CA5629954DCB00EF1945 /* TodoPlaceholderLocalizationTests.swift */ = {isa = PBXFileReference; lastKnownFileType = sourcecode.swift; path = TodoPlaceholderLocalizationTests.swift; sourceTree = "<group>"; };
		BE04CA5829954E1C00EF1945 /* TodoPlaceholderProvider.swift */ = {isa = PBXFileReference; lastKnownFileType = sourcecode.swift; path = TodoPlaceholderProvider.swift; sourceTree = "<group>"; };
		BE04CA5A299558DF00EF1945 /* es-419 */ = {isa = PBXFileReference; lastKnownFileType = text.plist.strings; name = "es-419"; path = "es-419.lproj/Todos.strings"; sourceTree = "<group>"; };
		BE04CA5B299558DF00EF1945 /* es-419 */ = {isa = PBXFileReference; lastKnownFileType = text.plist.strings; name = "es-419"; path = "es-419.lproj/TodoPlaceholder.strings"; sourceTree = "<group>"; };
		BE288EE7299308CA005B274E /* RadioButton.swift */ = {isa = PBXFileReference; lastKnownFileType = sourcecode.swift; path = RadioButton.swift; sourceTree = "<group>"; };
		BE288EEE299341B8005B274E /* UITableView+Dequeue.swift */ = {isa = PBXFileReference; lastKnownFileType = sourcecode.swift; path = "UITableView+Dequeue.swift"; sourceTree = "<group>"; };
		BE288EF02993F111005B274E /* TodosUIIntegrationTests.swift */ = {isa = PBXFileReference; fileEncoding = 4; lastKnownFileType = sourcecode.swift; path = TodosUIIntegrationTests.swift; sourceTree = "<group>"; };
		BE288EF32993F156005B274E /* TodosViewController+TestHelpers.swift */ = {isa = PBXFileReference; lastKnownFileType = sourcecode.swift; path = "TodosViewController+TestHelpers.swift"; sourceTree = "<group>"; };
		BE288EF42993F156005B274E /* UIRefreshControl+TestHelpers.swift */ = {isa = PBXFileReference; lastKnownFileType = sourcecode.swift; path = "UIRefreshControl+TestHelpers.swift"; sourceTree = "<group>"; };
		BE288EF52993F156005B274E /* TodoCell+TestHelpers.swift */ = {isa = PBXFileReference; lastKnownFileType = sourcecode.swift; path = "TodoCell+TestHelpers.swift"; sourceTree = "<group>"; };
		BE288EF62993F156005B274E /* TodosUIIntegrationTests+Localization.swift */ = {isa = PBXFileReference; lastKnownFileType = sourcecode.swift; path = "TodosUIIntegrationTests+Localization.swift"; sourceTree = "<group>"; };
		BE288EF92993F156005B274E /* UIButton+TestHelpers.swift */ = {isa = PBXFileReference; lastKnownFileType = sourcecode.swift; path = "UIButton+TestHelpers.swift"; sourceTree = "<group>"; };
		BE288EFA2993F156005B274E /* UIControl+TestHelpers.swift */ = {isa = PBXFileReference; lastKnownFileType = sourcecode.swift; path = "UIControl+TestHelpers.swift"; sourceTree = "<group>"; };
		BE288F052993F239005B274E /* TodosUIComposer.swift */ = {isa = PBXFileReference; fileEncoding = 4; lastKnownFileType = sourcecode.swift; name = TodosUIComposer.swift; path = ../../../TodoApp/TodoApp/Composers/TodosUIComposer.swift; sourceTree = "<group>"; };
		BE2E16F1298E74BF00E504E3 /* TodoEngine.framework */ = {isa = PBXFileReference; explicitFileType = wrapper.framework; includeInIndex = 0; path = TodoEngine.framework; sourceTree = BUILT_PRODUCTS_DIR; };
		BE2E16FB298E74BF00E504E3 /* TodoEngineTests.xctest */ = {isa = PBXFileReference; explicitFileType = wrapper.cfbundle; includeInIndex = 0; path = TodoEngineTests.xctest; sourceTree = BUILT_PRODUCTS_DIR; };
		BE2E170C298E768F00E504E3 /* TodoItem.swift */ = {isa = PBXFileReference; lastKnownFileType = sourcecode.swift; path = TodoItem.swift; sourceTree = "<group>"; };
		BE2E170F298E78A100E504E3 /* TodoCache.swift */ = {isa = PBXFileReference; lastKnownFileType = sourcecode.swift; path = TodoCache.swift; sourceTree = "<group>"; };
		BE2E1713298E7DFA00E504E3 /* CachedTodosUseCaseTests.swift */ = {isa = PBXFileReference; lastKnownFileType = sourcecode.swift; path = CachedTodosUseCaseTests.swift; sourceTree = "<group>"; };
		BE2E1716298E885300E504E3 /* XCTestCase+MemoryLeakTracking.swift */ = {isa = PBXFileReference; lastKnownFileType = sourcecode.swift; path = "XCTestCase+MemoryLeakTracking.swift"; sourceTree = "<group>"; };
		BE2E171B298E95E700E504E3 /* TodoStore.swift */ = {isa = PBXFileReference; lastKnownFileType = sourcecode.swift; path = TodoStore.swift; sourceTree = "<group>"; };
		BE2E171D298E96C900E504E3 /* LocalTodoLoader.swift */ = {isa = PBXFileReference; lastKnownFileType = sourcecode.swift; path = LocalTodoLoader.swift; sourceTree = "<group>"; };
		BE2E1720298E973400E504E3 /* TodoStoreSpy.swift */ = {isa = PBXFileReference; lastKnownFileType = sourcecode.swift; path = TodoStoreSpy.swift; sourceTree = "<group>"; };
		BE2E1722298E978700E504E3 /* SharedTestHelpers.swift */ = {isa = PBXFileReference; lastKnownFileType = sourcecode.swift; path = SharedTestHelpers.swift; sourceTree = "<group>"; };
		BE2E1724298E991800E504E3 /* LoadTodosFromCacheUseCaseTests.swift */ = {isa = PBXFileReference; lastKnownFileType = sourcecode.swift; path = LoadTodosFromCacheUseCaseTests.swift; sourceTree = "<group>"; };
		BE2E1726298EA84700E504E3 /* TodoTestHelpers.swift */ = {isa = PBXFileReference; lastKnownFileType = sourcecode.swift; path = TodoTestHelpers.swift; sourceTree = "<group>"; };
		BE2E1728298F240700E504E3 /* DeleteTodosFromCacheUseCaseTests.swift */ = {isa = PBXFileReference; lastKnownFileType = sourcecode.swift; path = DeleteTodosFromCacheUseCaseTests.swift; sourceTree = "<group>"; };
		BE2E172A298F2D2700E504E3 /* FileManagerFeedStoreTests.swift */ = {isa = PBXFileReference; lastKnownFileType = sourcecode.swift; path = FileManagerFeedStoreTests.swift; sourceTree = "<group>"; };
		BE2E172D298FE2D400E504E3 /* FileManagerTodoStore.swift */ = {isa = PBXFileReference; lastKnownFileType = sourcecode.swift; path = FileManagerTodoStore.swift; sourceTree = "<group>"; };
		BE2E172F298FE30100E504E3 /* FileManagerTodoStore+TodoStore.swift */ = {isa = PBXFileReference; lastKnownFileType = sourcecode.swift; path = "FileManagerTodoStore+TodoStore.swift"; sourceTree = "<group>"; };
		BE2E1731298FE81900E504E3 /* FileManagerTodoStoreTestHelpers.swift */ = {isa = PBXFileReference; lastKnownFileType = sourcecode.swift; path = FileManagerTodoStoreTestHelpers.swift; sourceTree = "<group>"; };
		BE2E1733298FE8F100E504E3 /* TodoCacheIntegrationTests.swift */ = {isa = PBXFileReference; lastKnownFileType = sourcecode.swift; path = TodoCacheIntegrationTests.swift; sourceTree = "<group>"; };
		BE2E1737298FF0BC00E504E3 /* TodoPresentationTests.swift */ = {isa = PBXFileReference; lastKnownFileType = sourcecode.swift; path = TodoPresentationTests.swift; sourceTree = "<group>"; };
		BE2E1739299017C000E504E3 /* TodoPresenter.swift */ = {isa = PBXFileReference; lastKnownFileType = sourcecode.swift; path = TodoPresenter.swift; sourceTree = "<group>"; };
		BE2E173B299017D500E504E3 /* TodoItemViewModel.swift */ = {isa = PBXFileReference; lastKnownFileType = sourcecode.swift; path = TodoItemViewModel.swift; sourceTree = "<group>"; };
		BE2E17412990194D00E504E3 /* TodosLocalizationTests.swift */ = {isa = PBXFileReference; lastKnownFileType = sourcecode.swift; path = TodosLocalizationTests.swift; sourceTree = "<group>"; };
		BE2E1746299019F800E504E3 /* en */ = {isa = PBXFileReference; lastKnownFileType = text.plist.strings; name = en; path = en.lproj/Todos.strings; sourceTree = "<group>"; };
		BE2E174829901AA400E504E3 /* SharedLocalizationTestHelpers.swift */ = {isa = PBXFileReference; lastKnownFileType = sourcecode.swift; path = SharedLocalizationTestHelpers.swift; sourceTree = "<group>"; };
		BE2E174F2990342B00E504E3 /* TodoiOS.framework */ = {isa = PBXFileReference; explicitFileType = wrapper.framework; includeInIndex = 0; path = TodoiOS.framework; sourceTree = BUILT_PRODUCTS_DIR; };
		BE2E17582990342C00E504E3 /* TodoiOSTests.xctest */ = {isa = PBXFileReference; explicitFileType = wrapper.cfbundle; includeInIndex = 0; path = TodoiOSTests.xctest; sourceTree = BUILT_PRODUCTS_DIR; };
		BE387FD729903F9100BA6712 /* TodoLoader.swift */ = {isa = PBXFileReference; lastKnownFileType = sourcecode.swift; path = TodoLoader.swift; sourceTree = "<group>"; };
		BE387FE029915E5300BA6712 /* TodosViewController.swift */ = {isa = PBXFileReference; lastKnownFileType = sourcecode.swift; path = TodosViewController.swift; sourceTree = "<group>"; };
		BE387FE2299167E000BA6712 /* TodoCell.swift */ = {isa = PBXFileReference; lastKnownFileType = sourcecode.swift; path = TodoCell.swift; sourceTree = "<group>"; };
		BE387FF4299199BF00BA6712 /* TodoCellController.swift */ = {isa = PBXFileReference; lastKnownFileType = sourcecode.swift; path = TodoCellController.swift; sourceTree = "<group>"; };
		BE387FF62991B91E00BA6712 /* TodosRefreshViewController.swift */ = {isa = PBXFileReference; lastKnownFileType = sourcecode.swift; path = TodosRefreshViewController.swift; sourceTree = "<group>"; };
		BE387FF92991B95500BA6712 /* TodosViewModel.swift */ = {isa = PBXFileReference; lastKnownFileType = sourcecode.swift; path = TodosViewModel.swift; sourceTree = "<group>"; };
/* End PBXFileReference section */

/* Begin PBXFrameworksBuildPhase section */
		BE2E16EE298E74BE00E504E3 /* Frameworks */ = {
			isa = PBXFrameworksBuildPhase;
			buildActionMask = 2147483647;
			files = (
			);
			runOnlyForDeploymentPostprocessing = 0;
		};
		BE2E16F8298E74BF00E504E3 /* Frameworks */ = {
			isa = PBXFrameworksBuildPhase;
			buildActionMask = 2147483647;
			files = (
				BE2E16FC298E74BF00E504E3 /* TodoEngine.framework in Frameworks */,
			);
			runOnlyForDeploymentPostprocessing = 0;
		};
		BE2E174C2990342B00E504E3 /* Frameworks */ = {
			isa = PBXFrameworksBuildPhase;
			buildActionMask = 2147483647;
			files = (
				BE387FDA2990402B00BA6712 /* TodoEngine.framework in Frameworks */,
			);
			runOnlyForDeploymentPostprocessing = 0;
		};
		BE2E17552990342C00E504E3 /* Frameworks */ = {
			isa = PBXFrameworksBuildPhase;
			buildActionMask = 2147483647;
			files = (
				BE2E17592990342C00E504E3 /* TodoiOS.framework in Frameworks */,
			);
			runOnlyForDeploymentPostprocessing = 0;
		};
/* End PBXFrameworksBuildPhase section */

/* Begin PBXGroup section */
		BE04CA1E299509DC00EF1945 /* SnapshotTests */ = {
			isa = PBXGroup;
			children = (
				BE04CA1F29950A0300EF1945 /* Helpers */,
				BE04CA2429950B5900EF1945 /* snapshots */,
				BE04CA1B2995078400EF1945 /* TodosSnapshotTests.swift */,
			);
			path = SnapshotTests;
			sourceTree = "<group>";
		};
		BE04CA1F29950A0300EF1945 /* Helpers */ = {
			isa = PBXGroup;
			children = (
				BE04CA2029950A0B00EF1945 /* XCTestCase+Snapshot.swift */,
				BE04CA2229950A1E00EF1945 /* UIViewController+Snapshot.swift */,
			);
			path = Helpers;
			sourceTree = "<group>";
		};
		BE04CA2429950B5900EF1945 /* snapshots */ = {
			isa = PBXGroup;
			children = (
				BE04CA352995166B00EF1945 /* EMPTY_TODOS_dark.png */,
				BE04CA312995166B00EF1945 /* EMPTY_TODOS_light_extraExtraExtraLarge.png */,
				BE04CA362995166B00EF1945 /* EMPTY_TODOS_light.png */,
				BE04CA392995166B00EF1945 /* TODOS_WITH_CONTENT_dark.png */,
				BE04CA322995166B00EF1945 /* TODOS_WITH_CONTENT_extraExtraExtraLarge.png */,
				BE04CA372995166B00EF1945 /* TODOS_WITH_CONTENT_light.png */,
				BE04CA47299540CD00EF1945 /* TODOS_WITH_EMPTY_CONTENT_dark.png */,
				BE04CA4A299540CD00EF1945 /* TODOS_WITH_EMPTY_CONTENT_extraExtraExtraLarge.png */,
				BE04CA45299540CD00EF1945 /* TODOS_WITH_EMPTY_CONTENT_light.png */,
				BE04CA48299540CD00EF1945 /* TODOS_WITH_MULTILINE_CONTENT_dark.png */,
				BE04CA49299540CD00EF1945 /* TODOS_WITH_MULTILINE_CONTENT_extraExtraExtraLarge.png */,
				BE04CA46299540CD00EF1945 /* TODOS_WITH_MULTILINE_CONTENT_light.png */,
			);
			path = snapshots;
			sourceTree = "<group>";
		};
		BE288EED299341AB005B274E /* Helpers */ = {
			isa = PBXGroup;
			children = (
				BE04CA192994975F00EF1945 /* UITextView+TextPublisher.swift */,
				BE288EEE299341B8005B274E /* UITableView+Dequeue.swift */,
				BE04CA432995213600EF1945 /* UITextView+Inset.swift */,
			);
			path = Helpers;
			sourceTree = "<group>";
		};
		BE288EFB2993F156005B274E /* Helpers */ = {
			isa = PBXGroup;
			children = (
				BE288EF32993F156005B274E /* TodosViewController+TestHelpers.swift */,
				BE288EF42993F156005B274E /* UIRefreshControl+TestHelpers.swift */,
				BE288EF52993F156005B274E /* TodoCell+TestHelpers.swift */,
				BE288EF62993F156005B274E /* TodosUIIntegrationTests+Localization.swift */,
				BE288EF92993F156005B274E /* UIButton+TestHelpers.swift */,
				BE288EFA2993F156005B274E /* UIControl+TestHelpers.swift */,
			);
			path = Helpers;
			sourceTree = "<group>";
		};
		BE288F042993F231005B274E /* Composers */ = {
			isa = PBXGroup;
			children = (
				BE288F052993F239005B274E /* TodosUIComposer.swift */,
			);
			path = Composers;
			sourceTree = "<group>";
		};
		BE2E16E7298E74BE00E504E3 = {
			isa = PBXGroup;
			children = (
				BE2E16F3298E74BF00E504E3 /* TodoEngine */,
				BE2E16FF298E74BF00E504E3 /* TodoEngineTests */,
				BE2E17502990342B00E504E3 /* TodoiOS */,
				BE2E175C2990342C00E504E3 /* TodoiOSTests */,
				BE2E16F2298E74BF00E504E3 /* Products */,
				BE387FD92990402B00BA6712 /* Frameworks */,
			);
			sourceTree = "<group>";
		};
		BE2E16F2298E74BF00E504E3 /* Products */ = {
			isa = PBXGroup;
			children = (
				BE2E16F1298E74BF00E504E3 /* TodoEngine.framework */,
				BE2E16FB298E74BF00E504E3 /* TodoEngineTests.xctest */,
				BE2E174F2990342B00E504E3 /* TodoiOS.framework */,
				BE2E17582990342C00E504E3 /* TodoiOSTests.xctest */,
			);
			name = Products;
			sourceTree = "<group>";
		};
		BE2E16F3298E74BF00E504E3 /* TodoEngine */ = {
			isa = PBXGroup;
			children = (
				BE2E171A298E95D200E504E3 /* TodoCache */,
				BE2E170E298E787E00E504E3 /* TodoFeatures */,
				BE2E1735298FF09000E504E3 /* TodoPresentation */,
				BE2E170B298E765700E504E3 /* Models */,
			);
			path = TodoEngine;
			sourceTree = "<group>";
		};
		BE2E16FF298E74BF00E504E3 /* TodoEngineTests */ = {
			isa = PBXGroup;
			children = (
				BE2E1715298E884400E504E3 /* Helpers */,
				BE2E1712298E7DCD00E504E3 /* TodoCache */,
				BE2E1736298FF0A100E504E3 /* TodoPresentation */,
			);
			path = TodoEngineTests;
			sourceTree = "<group>";
		};
		BE2E170B298E765700E504E3 /* Models */ = {
			isa = PBXGroup;
			children = (
				BE2E170C298E768F00E504E3 /* TodoItem.swift */,
			);
			path = Models;
			sourceTree = "<group>";
		};
		BE2E170E298E787E00E504E3 /* TodoFeatures */ = {
			isa = PBXGroup;
			children = (
				BE2E170F298E78A100E504E3 /* TodoCache.swift */,
				BE387FD729903F9100BA6712 /* TodoLoader.swift */,
				BE04CA152994259700EF1945 /* TodoDeleter.swift */,
			);
			path = TodoFeatures;
			sourceTree = "<group>";
		};
		BE2E1712298E7DCD00E504E3 /* TodoCache */ = {
			isa = PBXGroup;
			children = (
				BE2E171F298E972D00E504E3 /* Helpers */,
				BE2E1713298E7DFA00E504E3 /* CachedTodosUseCaseTests.swift */,
				BE2E1724298E991800E504E3 /* LoadTodosFromCacheUseCaseTests.swift */,
				BE2E1728298F240700E504E3 /* DeleteTodosFromCacheUseCaseTests.swift */,
				BE2E172A298F2D2700E504E3 /* FileManagerFeedStoreTests.swift */,
				BE2E1733298FE8F100E504E3 /* TodoCacheIntegrationTests.swift */,
			);
			path = TodoCache;
			sourceTree = "<group>";
		};
		BE2E1715298E884400E504E3 /* Helpers */ = {
			isa = PBXGroup;
			children = (
				BE2E1716298E885300E504E3 /* XCTestCase+MemoryLeakTracking.swift */,
				BE2E1722298E978700E504E3 /* SharedTestHelpers.swift */,
				BE2E174829901AA400E504E3 /* SharedLocalizationTestHelpers.swift */,
			);
			path = Helpers;
			sourceTree = "<group>";
		};
		BE2E171A298E95D200E504E3 /* TodoCache */ = {
			isa = PBXGroup;
			children = (
				BE2E172C298FE2BE00E504E3 /* Infrastructure */,
				BE2E171B298E95E700E504E3 /* TodoStore.swift */,
				BE2E171D298E96C900E504E3 /* LocalTodoLoader.swift */,
			);
			path = TodoCache;
			sourceTree = "<group>";
		};
		BE2E171F298E972D00E504E3 /* Helpers */ = {
			isa = PBXGroup;
			children = (
				BE2E1720298E973400E504E3 /* TodoStoreSpy.swift */,
				BE2E1726298EA84700E504E3 /* TodoTestHelpers.swift */,
				BE2E1731298FE81900E504E3 /* FileManagerTodoStoreTestHelpers.swift */,
			);
			path = Helpers;
			sourceTree = "<group>";
		};
		BE2E172C298FE2BE00E504E3 /* Infrastructure */ = {
			isa = PBXGroup;
			children = (
				BE2E172D298FE2D400E504E3 /* FileManagerTodoStore.swift */,
				BE2E172F298FE30100E504E3 /* FileManagerTodoStore+TodoStore.swift */,
			);
			path = Infrastructure;
			sourceTree = "<group>";
		};
		BE2E1735298FF09000E504E3 /* TodoPresentation */ = {
			isa = PBXGroup;
			children = (
				BE2E173B299017D500E504E3 /* TodoItemViewModel.swift */,
				BE2E1739299017C000E504E3 /* TodoPresenter.swift */,
				BE387FF92991B95500BA6712 /* TodosViewModel.swift */,
				BE04CA5829954E1C00EF1945 /* TodoPlaceholderProvider.swift */,
				BE2E1747299019F800E504E3 /* Todos.strings */,
				BE04CA552995480700EF1945 /* TodoPlaceholder.strings */,
			);
			path = TodoPresentation;
			sourceTree = "<group>";
		};
		BE2E1736298FF0A100E504E3 /* TodoPresentation */ = {
			isa = PBXGroup;
			children = (
				BE2E1737298FF0BC00E504E3 /* TodoPresentationTests.swift */,
				BE2E17412990194D00E504E3 /* TodosLocalizationTests.swift */,
				BE04CA5629954DCB00EF1945 /* TodoPlaceholderLocalizationTests.swift */,
			);
			path = TodoPresentation;
			sourceTree = "<group>";
		};
		BE2E17502990342B00E504E3 /* TodoiOS */ = {
			isa = PBXGroup;
			children = (
				BE288F042993F231005B274E /* Composers */,
				BE288EED299341AB005B274E /* Helpers */,
				BE387FE529917A0700BA6712 /* Controllers */,
				BE387FE629917A0F00BA6712 /* Views */,
			);
			path = TodoiOS;
			sourceTree = "<group>";
		};
		BE2E175C2990342C00E504E3 /* TodoiOSTests */ = {
			isa = PBXGroup;
			children = (
				BE288EFB2993F156005B274E /* Helpers */,
				BE04CA1E299509DC00EF1945 /* SnapshotTests */,
				BE288EF02993F111005B274E /* TodosUIIntegrationTests.swift */,
			);
			path = TodoiOSTests;
			sourceTree = "<group>";
		};
		BE387FD92990402B00BA6712 /* Frameworks */ = {
			isa = PBXGroup;
			children = (
			);
			name = Frameworks;
			sourceTree = "<group>";
		};
		BE387FE529917A0700BA6712 /* Controllers */ = {
			isa = PBXGroup;
			children = (
				BE387FE029915E5300BA6712 /* TodosViewController.swift */,
				BE387FF4299199BF00BA6712 /* TodoCellController.swift */,
				BE387FF62991B91E00BA6712 /* TodosRefreshViewController.swift */,
			);
			path = Controllers;
			sourceTree = "<group>";
		};
		BE387FE629917A0F00BA6712 /* Views */ = {
			isa = PBXGroup;
			children = (
				BE387FE2299167E000BA6712 /* TodoCell.swift */,
				BE288EE7299308CA005B274E /* RadioButton.swift */,
			);
			path = Views;
			sourceTree = "<group>";
		};
/* End PBXGroup section */

/* Begin PBXHeadersBuildPhase section */
		BE2E16EC298E74BE00E504E3 /* Headers */ = {
			isa = PBXHeadersBuildPhase;
			buildActionMask = 2147483647;
			files = (
			);
			runOnlyForDeploymentPostprocessing = 0;
		};
		BE2E174A2990342B00E504E3 /* Headers */ = {
			isa = PBXHeadersBuildPhase;
			buildActionMask = 2147483647;
			files = (
			);
			runOnlyForDeploymentPostprocessing = 0;
		};
/* End PBXHeadersBuildPhase section */

/* Begin PBXNativeTarget section */
		BE2E16F0298E74BE00E504E3 /* TodoEngine */ = {
			isa = PBXNativeTarget;
			buildConfigurationList = BE2E1705298E74BF00E504E3 /* Build configuration list for PBXNativeTarget "TodoEngine" */;
			buildPhases = (
				BE2E16EC298E74BE00E504E3 /* Headers */,
				BE2E16ED298E74BE00E504E3 /* Sources */,
				BE2E16EE298E74BE00E504E3 /* Frameworks */,
				BE2E16EF298E74BE00E504E3 /* Resources */,
			);
			buildRules = (
			);
			dependencies = (
			);
			name = TodoEngine;
			productName = TodoEngine;
			productReference = BE2E16F1298E74BF00E504E3 /* TodoEngine.framework */;
			productType = "com.apple.product-type.framework";
		};
		BE2E16FA298E74BF00E504E3 /* TodoEngineTests */ = {
			isa = PBXNativeTarget;
			buildConfigurationList = BE2E1708298E74BF00E504E3 /* Build configuration list for PBXNativeTarget "TodoEngineTests" */;
			buildPhases = (
				BE2E16F7298E74BF00E504E3 /* Sources */,
				BE2E16F8298E74BF00E504E3 /* Frameworks */,
				BE2E16F9298E74BF00E504E3 /* Resources */,
			);
			buildRules = (
			);
			dependencies = (
				BE2E16FE298E74BF00E504E3 /* PBXTargetDependency */,
			);
			name = TodoEngineTests;
			productName = TodoEngineTests;
			productReference = BE2E16FB298E74BF00E504E3 /* TodoEngineTests.xctest */;
			productType = "com.apple.product-type.bundle.unit-test";
		};
		BE2E174E2990342B00E504E3 /* TodoiOS */ = {
			isa = PBXNativeTarget;
			buildConfigurationList = BE2E17602990342C00E504E3 /* Build configuration list for PBXNativeTarget "TodoiOS" */;
			buildPhases = (
				BE2E174A2990342B00E504E3 /* Headers */,
				BE2E174B2990342B00E504E3 /* Sources */,
				BE2E174C2990342B00E504E3 /* Frameworks */,
				BE2E174D2990342B00E504E3 /* Resources */,
				BE387FDE2990402B00BA6712 /* Embed Frameworks */,
			);
			buildRules = (
			);
			dependencies = (
				BE387FDD2990402B00BA6712 /* PBXTargetDependency */,
			);
			name = TodoiOS;
			productName = TodoiOS;
			productReference = BE2E174F2990342B00E504E3 /* TodoiOS.framework */;
			productType = "com.apple.product-type.framework";
		};
		BE2E17572990342C00E504E3 /* TodoiOSTests */ = {
			isa = PBXNativeTarget;
			buildConfigurationList = BE2E17632990342C00E504E3 /* Build configuration list for PBXNativeTarget "TodoiOSTests" */;
			buildPhases = (
				BE2E17542990342C00E504E3 /* Sources */,
				BE2E17552990342C00E504E3 /* Frameworks */,
				BE2E17562990342C00E504E3 /* Resources */,
			);
			buildRules = (
			);
			dependencies = (
				BE2E175B2990342C00E504E3 /* PBXTargetDependency */,
			);
			name = TodoiOSTests;
			productName = TodoiOSTests;
			productReference = BE2E17582990342C00E504E3 /* TodoiOSTests.xctest */;
			productType = "com.apple.product-type.bundle.unit-test";
		};
/* End PBXNativeTarget section */

/* Begin PBXProject section */
		BE2E16E8298E74BE00E504E3 /* Project object */ = {
			isa = PBXProject;
			attributes = {
				BuildIndependentTargetsInParallel = 1;
				LastSwiftUpdateCheck = 1420;
				LastUpgradeCheck = 1420;
				TargetAttributes = {
					BE2E16F0298E74BE00E504E3 = {
						CreatedOnToolsVersion = 14.2;
					};
					BE2E16FA298E74BF00E504E3 = {
						CreatedOnToolsVersion = 14.2;
					};
					BE2E174E2990342B00E504E3 = {
						CreatedOnToolsVersion = 14.2;
					};
					BE2E17572990342C00E504E3 = {
						CreatedOnToolsVersion = 14.2;
						LastSwiftMigration = 1420;
					};
				};
			};
			buildConfigurationList = BE2E16EB298E74BE00E504E3 /* Build configuration list for PBXProject "TodoEngine" */;
			compatibilityVersion = "Xcode 14.0";
			developmentRegion = en;
			hasScannedForEncodings = 0;
			knownRegions = (
				en,
				Base,
				"es-419",
			);
			mainGroup = BE2E16E7298E74BE00E504E3;
			productRefGroup = BE2E16F2298E74BF00E504E3 /* Products */;
			projectDirPath = "";
			projectRoot = "";
			targets = (
				BE2E16F0298E74BE00E504E3 /* TodoEngine */,
				BE2E16FA298E74BF00E504E3 /* TodoEngineTests */,
				BE2E174E2990342B00E504E3 /* TodoiOS */,
				BE2E17572990342C00E504E3 /* TodoiOSTests */,
			);
		};
/* End PBXProject section */

/* Begin PBXResourcesBuildPhase section */
		BE2E16EF298E74BE00E504E3 /* Resources */ = {
			isa = PBXResourcesBuildPhase;
			buildActionMask = 2147483647;
			files = (
				BE04CA532995480700EF1945 /* TodoPlaceholder.strings in Resources */,
				BE2E1745299019F800E504E3 /* Todos.strings in Resources */,
			);
			runOnlyForDeploymentPostprocessing = 0;
		};
		BE2E16F9298E74BF00E504E3 /* Resources */ = {
			isa = PBXResourcesBuildPhase;
			buildActionMask = 2147483647;
			files = (
			);
			runOnlyForDeploymentPostprocessing = 0;
		};
		BE2E174D2990342B00E504E3 /* Resources */ = {
			isa = PBXResourcesBuildPhase;
			buildActionMask = 2147483647;
			files = (
			);
			runOnlyForDeploymentPostprocessing = 0;
		};
		BE2E17562990342C00E504E3 /* Resources */ = {
			isa = PBXResourcesBuildPhase;
			buildActionMask = 2147483647;
			files = (
				BE04CA4C299540CD00EF1945 /* TODOS_WITH_MULTILINE_CONTENT_light.png in Resources */,
				BE04CA4E299540CD00EF1945 /* TODOS_WITH_MULTILINE_CONTENT_dark.png in Resources */,
				BE04CA4B299540CD00EF1945 /* TODOS_WITH_EMPTY_CONTENT_light.png in Resources */,
				BE04CA3F2995166B00EF1945 /* EMPTY_TODOS_light.png in Resources */,
				BE04CA422995166B00EF1945 /* TODOS_WITH_CONTENT_dark.png in Resources */,
				BE04CA3B2995166B00EF1945 /* TODOS_WITH_CONTENT_extraExtraExtraLarge.png in Resources */,
				BE04CA4D299540CD00EF1945 /* TODOS_WITH_EMPTY_CONTENT_dark.png in Resources */,
				BE04CA402995166B00EF1945 /* TODOS_WITH_CONTENT_light.png in Resources */,
				BE04CA3E2995166B00EF1945 /* EMPTY_TODOS_dark.png in Resources */,
				BE04CA3A2995166B00EF1945 /* EMPTY_TODOS_light_extraExtraExtraLarge.png in Resources */,
				BE04CA50299540CD00EF1945 /* TODOS_WITH_EMPTY_CONTENT_extraExtraExtraLarge.png in Resources */,
				BE04CA4F299540CD00EF1945 /* TODOS_WITH_MULTILINE_CONTENT_extraExtraExtraLarge.png in Resources */,
			);
			runOnlyForDeploymentPostprocessing = 0;
		};
/* End PBXResourcesBuildPhase section */

/* Begin PBXSourcesBuildPhase section */
		BE2E16ED298E74BE00E504E3 /* Sources */ = {
			isa = PBXSourcesBuildPhase;
			buildActionMask = 2147483647;
			files = (
				BE2E170D298E768F00E504E3 /* TodoItem.swift in Sources */,
				BE2E172E298FE2D400E504E3 /* FileManagerTodoStore.swift in Sources */,
				BE04CA5929954E1C00EF1945 /* TodoPlaceholderProvider.swift in Sources */,
				BE2E171C298E95E700E504E3 /* TodoStore.swift in Sources */,
				BE387FFB2991D03F00BA6712 /* TodosViewModel.swift in Sources */,
				BE2E173C299017D500E504E3 /* TodoItemViewModel.swift in Sources */,
				BE04CA162994259700EF1945 /* TodoDeleter.swift in Sources */,
				BE2E1730298FE30100E504E3 /* FileManagerTodoStore+TodoStore.swift in Sources */,
				BE387FD829903F9100BA6712 /* TodoLoader.swift in Sources */,
				BE2E173A299017C000E504E3 /* TodoPresenter.swift in Sources */,
				BE2E171E298E96C900E504E3 /* LocalTodoLoader.swift in Sources */,
				BE2E1710298E78A100E504E3 /* TodoCache.swift in Sources */,
			);
			runOnlyForDeploymentPostprocessing = 0;
		};
		BE2E16F7298E74BF00E504E3 /* Sources */ = {
			isa = PBXSourcesBuildPhase;
			buildActionMask = 2147483647;
			files = (
				BE2E17422990194D00E504E3 /* TodosLocalizationTests.swift in Sources */,
				BE04CA5729954DCB00EF1945 /* TodoPlaceholderLocalizationTests.swift in Sources */,
				BE2E174929901AA400E504E3 /* SharedLocalizationTestHelpers.swift in Sources */,
				BE2E1721298E973400E504E3 /* TodoStoreSpy.swift in Sources */,
				BE2E1732298FE81900E504E3 /* FileManagerTodoStoreTestHelpers.swift in Sources */,
				BE2E172B298F2D2700E504E3 /* FileManagerFeedStoreTests.swift in Sources */,
				BE2E1738298FF0BC00E504E3 /* TodoPresentationTests.swift in Sources */,
				BE2E1729298F240700E504E3 /* DeleteTodosFromCacheUseCaseTests.swift in Sources */,
				BE2E1734298FE8F100E504E3 /* TodoCacheIntegrationTests.swift in Sources */,
				BE2E1723298E978700E504E3 /* SharedTestHelpers.swift in Sources */,
				BE2E1727298EA84700E504E3 /* TodoTestHelpers.swift in Sources */,
				BE2E1714298E7DFA00E504E3 /* CachedTodosUseCaseTests.swift in Sources */,
				BE2E1725298E991800E504E3 /* LoadTodosFromCacheUseCaseTests.swift in Sources */,
				BE2E1717298E885300E504E3 /* XCTestCase+MemoryLeakTracking.swift in Sources */,
			);
			runOnlyForDeploymentPostprocessing = 0;
		};
		BE2E174B2990342B00E504E3 /* Sources */ = {
			isa = PBXSourcesBuildPhase;
			buildActionMask = 2147483647;
			files = (
				BE288EEF299341B8005B274E /* UITableView+Dequeue.swift in Sources */,
				BE288F062993F239005B274E /* TodosUIComposer.swift in Sources */,
				BE387FE129915E5300BA6712 /* TodosViewController.swift in Sources */,
				BE387FE3299167E000BA6712 /* TodoCell.swift in Sources */,
				BE288EE8299308CA005B274E /* RadioButton.swift in Sources */,
				BE04CA1A2994975F00EF1945 /* UITextView+TextPublisher.swift in Sources */,
				BE04CA442995213600EF1945 /* UITextView+Inset.swift in Sources */,
				BE387FF5299199BF00BA6712 /* TodoCellController.swift in Sources */,
				BE387FF72991B91E00BA6712 /* TodosRefreshViewController.swift in Sources */,
			);
			runOnlyForDeploymentPostprocessing = 0;
		};
		BE2E17542990342C00E504E3 /* Sources */ = {
			isa = PBXSourcesBuildPhase;
			buildActionMask = 2147483647;
			files = (
				BE387FDF29904CD800BA6712 /* XCTestCase+MemoryLeakTracking.swift in Sources */,
				BE288EFD2993F165005B274E /* UIButton+TestHelpers.swift in Sources */,
				BE288F012993F165005B274E /* TodosUIIntegrationTests+Localization.swift in Sources */,
				BE288EFE2993F165005B274E /* TodosViewController+TestHelpers.swift in Sources */,
				BE288EF22993F138005B274E /* TodosUIIntegrationTests.swift in Sources */,
				BE288EFF2993F165005B274E /* UIRefreshControl+TestHelpers.swift in Sources */,
				BE288F032993F165005B274E /* TodoCell+TestHelpers.swift in Sources */,
				BE387FE429916ECC00BA6712 /* SharedTestHelpers.swift in Sources */,
				BE288EFC2993F165005B274E /* UIControl+TestHelpers.swift in Sources */,
				BE04CA1C2995078400EF1945 /* TodosSnapshotTests.swift in Sources */,
				BE04CA2329950A1E00EF1945 /* UIViewController+Snapshot.swift in Sources */,
				BE04CA2129950A0B00EF1945 /* XCTestCase+Snapshot.swift in Sources */,
			);
			runOnlyForDeploymentPostprocessing = 0;
		};
/* End PBXSourcesBuildPhase section */

/* Begin PBXTargetDependency section */
		BE2E16FE298E74BF00E504E3 /* PBXTargetDependency */ = {
			isa = PBXTargetDependency;
			target = BE2E16F0298E74BE00E504E3 /* TodoEngine */;
			targetProxy = BE2E16FD298E74BF00E504E3 /* PBXContainerItemProxy */;
		};
		BE2E175B2990342C00E504E3 /* PBXTargetDependency */ = {
			isa = PBXTargetDependency;
			target = BE2E174E2990342B00E504E3 /* TodoiOS */;
			targetProxy = BE2E175A2990342C00E504E3 /* PBXContainerItemProxy */;
		};
		BE387FDD2990402B00BA6712 /* PBXTargetDependency */ = {
			isa = PBXTargetDependency;
			platformFilter = ios;
			target = BE2E16F0298E74BE00E504E3 /* TodoEngine */;
			targetProxy = BE387FDC2990402B00BA6712 /* PBXContainerItemProxy */;
		};
/* End PBXTargetDependency section */

/* Begin PBXVariantGroup section */
		BE04CA552995480700EF1945 /* TodoPlaceholder.strings */ = {
			isa = PBXVariantGroup;
			children = (
				BE04CA542995480700EF1945 /* en */,
				BE04CA5B299558DF00EF1945 /* es-419 */,
			);
			name = TodoPlaceholder.strings;
			sourceTree = "<group>";
		};
		BE2E1747299019F800E504E3 /* Todos.strings */ = {
			isa = PBXVariantGroup;
			children = (
				BE2E1746299019F800E504E3 /* en */,
				BE04CA5A299558DF00EF1945 /* es-419 */,
			);
			name = Todos.strings;
			sourceTree = "<group>";
		};
/* End PBXVariantGroup section */

/* Begin XCBuildConfiguration section */
		BE2E1703298E74BF00E504E3 /* Debug */ = {
			isa = XCBuildConfiguration;
			buildSettings = {
				ALWAYS_SEARCH_USER_PATHS = NO;
				CLANG_ANALYZER_LOCALIZABILITY_NONLOCALIZED = YES;
				CLANG_ANALYZER_NONNULL = YES;
				CLANG_ANALYZER_NUMBER_OBJECT_CONVERSION = YES_AGGRESSIVE;
				CLANG_CXX_LANGUAGE_STANDARD = "gnu++20";
				CLANG_ENABLE_MODULES = YES;
				CLANG_ENABLE_OBJC_ARC = YES;
				CLANG_ENABLE_OBJC_WEAK = YES;
				CLANG_WARN_BLOCK_CAPTURE_AUTORELEASING = YES;
				CLANG_WARN_BOOL_CONVERSION = YES;
				CLANG_WARN_COMMA = YES;
				CLANG_WARN_CONSTANT_CONVERSION = YES;
				CLANG_WARN_DEPRECATED_OBJC_IMPLEMENTATIONS = YES;
				CLANG_WARN_DIRECT_OBJC_ISA_USAGE = YES_ERROR;
				CLANG_WARN_DOCUMENTATION_COMMENTS = YES;
				CLANG_WARN_EMPTY_BODY = YES;
				CLANG_WARN_ENUM_CONVERSION = YES;
				CLANG_WARN_INFINITE_RECURSION = YES;
				CLANG_WARN_INT_CONVERSION = YES;
				CLANG_WARN_NON_LITERAL_NULL_CONVERSION = YES;
				CLANG_WARN_OBJC_IMPLICIT_RETAIN_SELF = YES;
				CLANG_WARN_OBJC_LITERAL_CONVERSION = YES;
				CLANG_WARN_OBJC_ROOT_CLASS = YES_ERROR;
				CLANG_WARN_QUOTED_INCLUDE_IN_FRAMEWORK_HEADER = YES;
				CLANG_WARN_RANGE_LOOP_ANALYSIS = YES;
				CLANG_WARN_STRICT_PROTOTYPES = YES;
				CLANG_WARN_SUSPICIOUS_MOVE = YES;
				CLANG_WARN_UNGUARDED_AVAILABILITY = YES_AGGRESSIVE;
				CLANG_WARN_UNREACHABLE_CODE = YES;
				CLANG_WARN__DUPLICATE_METHOD_MATCH = YES;
				COPY_PHASE_STRIP = NO;
				CURRENT_PROJECT_VERSION = 1;
				DEBUG_INFORMATION_FORMAT = dwarf;
				ENABLE_STRICT_OBJC_MSGSEND = YES;
				ENABLE_TESTABILITY = YES;
				GCC_C_LANGUAGE_STANDARD = gnu11;
				GCC_DYNAMIC_NO_PIC = NO;
				GCC_NO_COMMON_BLOCKS = YES;
				GCC_OPTIMIZATION_LEVEL = 0;
				GCC_PREPROCESSOR_DEFINITIONS = (
					"DEBUG=1",
					"$(inherited)",
				);
				GCC_WARN_64_TO_32_BIT_CONVERSION = YES;
				GCC_WARN_ABOUT_RETURN_TYPE = YES_ERROR;
				GCC_WARN_UNDECLARED_SELECTOR = YES;
				GCC_WARN_UNINITIALIZED_AUTOS = YES_AGGRESSIVE;
				GCC_WARN_UNUSED_FUNCTION = YES;
				GCC_WARN_UNUSED_VARIABLE = YES;
				MACOSX_DEPLOYMENT_TARGET = 13.1;
				MTL_ENABLE_DEBUG_INFO = INCLUDE_SOURCE;
				MTL_FAST_MATH = YES;
				ONLY_ACTIVE_ARCH = YES;
				SDKROOT = macosx;
				SWIFT_ACTIVE_COMPILATION_CONDITIONS = DEBUG;
				SWIFT_OPTIMIZATION_LEVEL = "-Onone";
				VERSIONING_SYSTEM = "apple-generic";
				VERSION_INFO_PREFIX = "";
			};
			name = Debug;
		};
		BE2E1704298E74BF00E504E3 /* Release */ = {
			isa = XCBuildConfiguration;
			buildSettings = {
				ALWAYS_SEARCH_USER_PATHS = NO;
				CLANG_ANALYZER_LOCALIZABILITY_NONLOCALIZED = YES;
				CLANG_ANALYZER_NONNULL = YES;
				CLANG_ANALYZER_NUMBER_OBJECT_CONVERSION = YES_AGGRESSIVE;
				CLANG_CXX_LANGUAGE_STANDARD = "gnu++20";
				CLANG_ENABLE_MODULES = YES;
				CLANG_ENABLE_OBJC_ARC = YES;
				CLANG_ENABLE_OBJC_WEAK = YES;
				CLANG_WARN_BLOCK_CAPTURE_AUTORELEASING = YES;
				CLANG_WARN_BOOL_CONVERSION = YES;
				CLANG_WARN_COMMA = YES;
				CLANG_WARN_CONSTANT_CONVERSION = YES;
				CLANG_WARN_DEPRECATED_OBJC_IMPLEMENTATIONS = YES;
				CLANG_WARN_DIRECT_OBJC_ISA_USAGE = YES_ERROR;
				CLANG_WARN_DOCUMENTATION_COMMENTS = YES;
				CLANG_WARN_EMPTY_BODY = YES;
				CLANG_WARN_ENUM_CONVERSION = YES;
				CLANG_WARN_INFINITE_RECURSION = YES;
				CLANG_WARN_INT_CONVERSION = YES;
				CLANG_WARN_NON_LITERAL_NULL_CONVERSION = YES;
				CLANG_WARN_OBJC_IMPLICIT_RETAIN_SELF = YES;
				CLANG_WARN_OBJC_LITERAL_CONVERSION = YES;
				CLANG_WARN_OBJC_ROOT_CLASS = YES_ERROR;
				CLANG_WARN_QUOTED_INCLUDE_IN_FRAMEWORK_HEADER = YES;
				CLANG_WARN_RANGE_LOOP_ANALYSIS = YES;
				CLANG_WARN_STRICT_PROTOTYPES = YES;
				CLANG_WARN_SUSPICIOUS_MOVE = YES;
				CLANG_WARN_UNGUARDED_AVAILABILITY = YES_AGGRESSIVE;
				CLANG_WARN_UNREACHABLE_CODE = YES;
				CLANG_WARN__DUPLICATE_METHOD_MATCH = YES;
				COPY_PHASE_STRIP = NO;
				CURRENT_PROJECT_VERSION = 1;
				DEBUG_INFORMATION_FORMAT = "dwarf-with-dsym";
				ENABLE_NS_ASSERTIONS = NO;
				ENABLE_STRICT_OBJC_MSGSEND = YES;
				GCC_C_LANGUAGE_STANDARD = gnu11;
				GCC_NO_COMMON_BLOCKS = YES;
				GCC_WARN_64_TO_32_BIT_CONVERSION = YES;
				GCC_WARN_ABOUT_RETURN_TYPE = YES_ERROR;
				GCC_WARN_UNDECLARED_SELECTOR = YES;
				GCC_WARN_UNINITIALIZED_AUTOS = YES_AGGRESSIVE;
				GCC_WARN_UNUSED_FUNCTION = YES;
				GCC_WARN_UNUSED_VARIABLE = YES;
				MACOSX_DEPLOYMENT_TARGET = 13.1;
				MTL_ENABLE_DEBUG_INFO = NO;
				MTL_FAST_MATH = YES;
				SDKROOT = macosx;
				SWIFT_COMPILATION_MODE = wholemodule;
				SWIFT_OPTIMIZATION_LEVEL = "-O";
				VERSIONING_SYSTEM = "apple-generic";
				VERSION_INFO_PREFIX = "";
			};
			name = Release;
		};
		BE2E1706298E74BF00E504E3 /* Debug */ = {
			isa = XCBuildConfiguration;
			buildSettings = {
				CODE_SIGN_STYLE = Automatic;
				COMBINE_HIDPI_IMAGES = YES;
				CURRENT_PROJECT_VERSION = 1;
				DEFINES_MODULE = YES;
				DEVELOPMENT_TEAM = 77QB78PHPH;
				DYLIB_COMPATIBILITY_VERSION = 1;
				DYLIB_CURRENT_VERSION = 1;
				DYLIB_INSTALL_NAME_BASE = "@rpath";
				GENERATE_INFOPLIST_FILE = YES;
				INFOPLIST_KEY_NSHumanReadableCopyright = "";
				INSTALL_PATH = "$(LOCAL_LIBRARY_DIR)/Frameworks";
				LD_RUNPATH_SEARCH_PATHS = (
					"$(inherited)",
					"@executable_path/../Frameworks",
					"@loader_path/Frameworks",
				);
				MARKETING_VERSION = 1.0;
				PRODUCT_BUNDLE_IDENTIFIER = saults.TodoEngine;
				PRODUCT_NAME = "$(TARGET_NAME:c99extidentifier)";
				SKIP_INSTALL = YES;
				SUPPORTED_PLATFORMS = "macosx iphoneos iphonesimulator";
				SWIFT_EMIT_LOC_STRINGS = YES;
				SWIFT_VERSION = 5.0;
			};
			name = Debug;
		};
		BE2E1707298E74BF00E504E3 /* Release */ = {
			isa = XCBuildConfiguration;
			buildSettings = {
				CODE_SIGN_STYLE = Automatic;
				COMBINE_HIDPI_IMAGES = YES;
				CURRENT_PROJECT_VERSION = 1;
				DEFINES_MODULE = YES;
				DEVELOPMENT_TEAM = 77QB78PHPH;
				DYLIB_COMPATIBILITY_VERSION = 1;
				DYLIB_CURRENT_VERSION = 1;
				DYLIB_INSTALL_NAME_BASE = "@rpath";
				GENERATE_INFOPLIST_FILE = YES;
				INFOPLIST_KEY_NSHumanReadableCopyright = "";
				INSTALL_PATH = "$(LOCAL_LIBRARY_DIR)/Frameworks";
				LD_RUNPATH_SEARCH_PATHS = (
					"$(inherited)",
					"@executable_path/../Frameworks",
					"@loader_path/Frameworks",
				);
				MARKETING_VERSION = 1.0;
				PRODUCT_BUNDLE_IDENTIFIER = saults.TodoEngine;
				PRODUCT_NAME = "$(TARGET_NAME:c99extidentifier)";
				SKIP_INSTALL = YES;
				SUPPORTED_PLATFORMS = "macosx iphoneos iphonesimulator";
				SWIFT_EMIT_LOC_STRINGS = YES;
				SWIFT_VERSION = 5.0;
			};
			name = Release;
		};
		BE2E1709298E74BF00E504E3 /* Debug */ = {
			isa = XCBuildConfiguration;
			buildSettings = {
				ALWAYS_EMBED_SWIFT_STANDARD_LIBRARIES = YES;
				CODE_SIGN_STYLE = Automatic;
				CURRENT_PROJECT_VERSION = 1;
				DEVELOPMENT_TEAM = 77QB78PHPH;
				GENERATE_INFOPLIST_FILE = YES;
				MARKETING_VERSION = 1.0;
				PRODUCT_BUNDLE_IDENTIFIER = saults.TodoEngineTests;
				PRODUCT_NAME = "$(TARGET_NAME)";
				SUPPORTED_PLATFORMS = "macosx iphoneos iphonesimulator";
				SWIFT_EMIT_LOC_STRINGS = NO;
				SWIFT_VERSION = 5.0;
			};
			name = Debug;
		};
		BE2E170A298E74BF00E504E3 /* Release */ = {
			isa = XCBuildConfiguration;
			buildSettings = {
				ALWAYS_EMBED_SWIFT_STANDARD_LIBRARIES = YES;
				CODE_SIGN_STYLE = Automatic;
				CURRENT_PROJECT_VERSION = 1;
				DEVELOPMENT_TEAM = 77QB78PHPH;
				GENERATE_INFOPLIST_FILE = YES;
				MARKETING_VERSION = 1.0;
				PRODUCT_BUNDLE_IDENTIFIER = saults.TodoEngineTests;
				PRODUCT_NAME = "$(TARGET_NAME)";
				SUPPORTED_PLATFORMS = "macosx iphoneos iphonesimulator";
				SWIFT_EMIT_LOC_STRINGS = NO;
				SWIFT_VERSION = 5.0;
			};
			name = Release;
		};
		BE2E17612990342C00E504E3 /* Debug */ = {
			isa = XCBuildConfiguration;
			buildSettings = {
				CODE_SIGN_STYLE = Automatic;
				CURRENT_PROJECT_VERSION = 1;
				DEFINES_MODULE = YES;
				DEVELOPMENT_TEAM = 77QB78PHPH;
				DYLIB_COMPATIBILITY_VERSION = 1;
				DYLIB_CURRENT_VERSION = 1;
				DYLIB_INSTALL_NAME_BASE = "@rpath";
				GENERATE_INFOPLIST_FILE = YES;
				INFOPLIST_KEY_NSHumanReadableCopyright = "";
				INSTALL_PATH = "$(LOCAL_LIBRARY_DIR)/Frameworks";
				IPHONEOS_DEPLOYMENT_TARGET = 16.2;
				LD_RUNPATH_SEARCH_PATHS = (
					"$(inherited)",
					"@executable_path/Frameworks",
					"@loader_path/Frameworks",
				);
				MARKETING_VERSION = 1.0;
				PRODUCT_BUNDLE_IDENTIFIER = saults.TodoiOS;
				PRODUCT_NAME = "$(TARGET_NAME:c99extidentifier)";
				SDKROOT = iphoneos;
				SKIP_INSTALL = YES;
				SWIFT_EMIT_LOC_STRINGS = YES;
				SWIFT_VERSION = 5.0;
				TARGETED_DEVICE_FAMILY = "1,2";
			};
			name = Debug;
		};
		BE2E17622990342C00E504E3 /* Release */ = {
			isa = XCBuildConfiguration;
			buildSettings = {
				CODE_SIGN_STYLE = Automatic;
				CURRENT_PROJECT_VERSION = 1;
				DEFINES_MODULE = YES;
				DEVELOPMENT_TEAM = 77QB78PHPH;
				DYLIB_COMPATIBILITY_VERSION = 1;
				DYLIB_CURRENT_VERSION = 1;
				DYLIB_INSTALL_NAME_BASE = "@rpath";
				GENERATE_INFOPLIST_FILE = YES;
				INFOPLIST_KEY_NSHumanReadableCopyright = "";
				INSTALL_PATH = "$(LOCAL_LIBRARY_DIR)/Frameworks";
				IPHONEOS_DEPLOYMENT_TARGET = 16.2;
				LD_RUNPATH_SEARCH_PATHS = (
					"$(inherited)",
					"@executable_path/Frameworks",
					"@loader_path/Frameworks",
				);
				MARKETING_VERSION = 1.0;
				PRODUCT_BUNDLE_IDENTIFIER = saults.TodoiOS;
				PRODUCT_NAME = "$(TARGET_NAME:c99extidentifier)";
				SDKROOT = iphoneos;
				SKIP_INSTALL = YES;
				SWIFT_EMIT_LOC_STRINGS = YES;
				SWIFT_VERSION = 5.0;
				TARGETED_DEVICE_FAMILY = "1,2";
				VALIDATE_PRODUCT = YES;
			};
			name = Release;
		};
		BE2E17642990342C00E504E3 /* Debug */ = {
			isa = XCBuildConfiguration;
			buildSettings = {
				ALWAYS_EMBED_SWIFT_STANDARD_LIBRARIES = YES;
				CLANG_ENABLE_MODULES = YES;
				CODE_SIGN_STYLE = Automatic;
				CURRENT_PROJECT_VERSION = 1;
				DEVELOPMENT_TEAM = 77QB78PHPH;
				GENERATE_INFOPLIST_FILE = YES;
				IPHONEOS_DEPLOYMENT_TARGET = 16.2;
				LD_RUNPATH_SEARCH_PATHS = (
					"$(inherited)",
					"@executable_path/Frameworks",
					"@loader_path/Frameworks",
				);
				MARKETING_VERSION = 1.0;
				PRODUCT_BUNDLE_IDENTIFIER = saults.TodoiOSTests;
				PRODUCT_NAME = "$(TARGET_NAME)";
				SDKROOT = iphoneos;
				SWIFT_EMIT_LOC_STRINGS = NO;
				SWIFT_OPTIMIZATION_LEVEL = "-Onone";
				SWIFT_VERSION = 5.0;
				TARGETED_DEVICE_FAMILY = "1,2";
			};
			name = Debug;
		};
		BE2E17652990342C00E504E3 /* Release */ = {
			isa = XCBuildConfiguration;
			buildSettings = {
				ALWAYS_EMBED_SWIFT_STANDARD_LIBRARIES = YES;
				CLANG_ENABLE_MODULES = YES;
				CODE_SIGN_STYLE = Automatic;
				CURRENT_PROJECT_VERSION = 1;
				DEVELOPMENT_TEAM = 77QB78PHPH;
				GENERATE_INFOPLIST_FILE = YES;
				IPHONEOS_DEPLOYMENT_TARGET = 16.2;
				LD_RUNPATH_SEARCH_PATHS = (
					"$(inherited)",
					"@executable_path/Frameworks",
					"@loader_path/Frameworks",
				);
				MARKETING_VERSION = 1.0;
				PRODUCT_BUNDLE_IDENTIFIER = saults.TodoiOSTests;
				PRODUCT_NAME = "$(TARGET_NAME)";
				SDKROOT = iphoneos;
				SWIFT_EMIT_LOC_STRINGS = NO;
				SWIFT_VERSION = 5.0;
				TARGETED_DEVICE_FAMILY = "1,2";
				VALIDATE_PRODUCT = YES;
			};
			name = Release;
		};
/* End XCBuildConfiguration section */

/* Begin XCConfigurationList section */
		BE2E16EB298E74BE00E504E3 /* Build configuration list for PBXProject "TodoEngine" */ = {
			isa = XCConfigurationList;
			buildConfigurations = (
				BE2E1703298E74BF00E504E3 /* Debug */,
				BE2E1704298E74BF00E504E3 /* Release */,
			);
			defaultConfigurationIsVisible = 0;
			defaultConfigurationName = Release;
		};
		BE2E1705298E74BF00E504E3 /* Build configuration list for PBXNativeTarget "TodoEngine" */ = {
			isa = XCConfigurationList;
			buildConfigurations = (
				BE2E1706298E74BF00E504E3 /* Debug */,
				BE2E1707298E74BF00E504E3 /* Release */,
			);
			defaultConfigurationIsVisible = 0;
			defaultConfigurationName = Release;
		};
		BE2E1708298E74BF00E504E3 /* Build configuration list for PBXNativeTarget "TodoEngineTests" */ = {
			isa = XCConfigurationList;
			buildConfigurations = (
				BE2E1709298E74BF00E504E3 /* Debug */,
				BE2E170A298E74BF00E504E3 /* Release */,
			);
			defaultConfigurationIsVisible = 0;
			defaultConfigurationName = Release;
		};
		BE2E17602990342C00E504E3 /* Build configuration list for PBXNativeTarget "TodoiOS" */ = {
			isa = XCConfigurationList;
			buildConfigurations = (
				BE2E17612990342C00E504E3 /* Debug */,
				BE2E17622990342C00E504E3 /* Release */,
			);
			defaultConfigurationIsVisible = 0;
			defaultConfigurationName = Release;
		};
		BE2E17632990342C00E504E3 /* Build configuration list for PBXNativeTarget "TodoiOSTests" */ = {
			isa = XCConfigurationList;
			buildConfigurations = (
				BE2E17642990342C00E504E3 /* Debug */,
				BE2E17652990342C00E504E3 /* Release */,
			);
			defaultConfigurationIsVisible = 0;
			defaultConfigurationName = Release;
		};
/* End XCConfigurationList section */
	};
	rootObject = BE2E16E8298E74BE00E504E3 /* Project object */;
}
