// !$*UTF8*$!
{
	archiveVersion = 1;
	classes = {
	};
	objectVersion = 56;
	objects = {

/* Begin PBXBuildFile section */
		BE288ECE29926726005B274E /* TodoAcceptanceTests.swift in Sources */ = {isa = PBXBuildFile; fileRef = BE288ECD29926726005B274E /* TodoAcceptanceTests.swift */; };
		BE288ED0299273BD005B274E /* SceneDelegateTests.swift in Sources */ = {isa = PBXBuildFile; fileRef = BE288ECF299273BD005B274E /* SceneDelegateTests.swift */; };
		BE288EE22992CE30005B274E /* XCTestCase+MemoryLeakTracking.swift in Sources */ = {isa = PBXBuildFile; fileRef = BE288EE12992CE30005B274E /* XCTestCase+MemoryLeakTracking.swift */; };
		BE288EE42992DACC005B274E /* NullStore.swift in Sources */ = {isa = PBXBuildFile; fileRef = BE288EE32992DACC005B274E /* NullStore.swift */; };
		BE288EE62992DB35005B274E /* InMemoryTodoStore.swift in Sources */ = {isa = PBXBuildFile; fileRef = BE288EE52992DB35005B274E /* InMemoryTodoStore.swift */; };
		BE38800B2991D87E00BA6712 /* AppDelegate.swift in Sources */ = {isa = PBXBuildFile; fileRef = BE38800A2991D87E00BA6712 /* AppDelegate.swift */; };
		BE38800D2991D87E00BA6712 /* SceneDelegate.swift in Sources */ = {isa = PBXBuildFile; fileRef = BE38800C2991D87E00BA6712 /* SceneDelegate.swift */; };
		BE3880142991D87F00BA6712 /* Assets.xcassets in Resources */ = {isa = PBXBuildFile; fileRef = BE3880132991D87F00BA6712 /* Assets.xcassets */; };
		BE3880172991D87F00BA6712 /* LaunchScreen.storyboard in Resources */ = {isa = PBXBuildFile; fileRef = BE3880152991D87F00BA6712 /* LaunchScreen.storyboard */; };
		BE38803D2991D93A00BA6712 /* TodoEngine.framework in Frameworks */ = {isa = PBXBuildFile; fileRef = BE38803B2991D93A00BA6712 /* TodoEngine.framework */; };
		BE38803E2991D93A00BA6712 /* TodoEngine.framework in Embed Frameworks */ = {isa = PBXBuildFile; fileRef = BE38803B2991D93A00BA6712 /* TodoEngine.framework */; settings = {ATTRIBUTES = (CodeSignOnCopy, RemoveHeadersOnCopy, ); }; };
		BE38803F2991D93A00BA6712 /* TodoiOS.framework in Frameworks */ = {isa = PBXBuildFile; fileRef = BE38803C2991D93A00BA6712 /* TodoiOS.framework */; };
		BE3880402991D93A00BA6712 /* TodoiOS.framework in Embed Frameworks */ = {isa = PBXBuildFile; fileRef = BE38803C2991D93A00BA6712 /* TodoiOS.framework */; settings = {ATTRIBUTES = (CodeSignOnCopy, RemoveHeadersOnCopy, ); }; };
/* End PBXBuildFile section */

/* Begin PBXContainerItemProxy section */
		BE38801E2991D88000BA6712 /* PBXContainerItemProxy */ = {
			isa = PBXContainerItemProxy;
			containerPortal = BE387FFF2991D87E00BA6712 /* Project object */;
			proxyType = 1;
			remoteGlobalIDString = BE3880062991D87E00BA6712;
			remoteInfo = TodoApp;
		};
/* End PBXContainerItemProxy section */

/* Begin PBXCopyFilesBuildPhase section */
		BE3880412991D93B00BA6712 /* Embed Frameworks */ = {
			isa = PBXCopyFilesBuildPhase;
			buildActionMask = 2147483647;
			dstPath = "";
			dstSubfolderSpec = 10;
			files = (
				BE3880402991D93A00BA6712 /* TodoiOS.framework in Embed Frameworks */,
				BE38803E2991D93A00BA6712 /* TodoEngine.framework in Embed Frameworks */,
			);
			name = "Embed Frameworks";
			runOnlyForDeploymentPostprocessing = 0;
		};
/* End PBXCopyFilesBuildPhase section */

/* Begin PBXFileReference section */
		BE04CA5C29955F3900EF1945 /* es-419 */ = {isa = PBXFileReference; lastKnownFileType = text.plist.strings; name = "es-419"; path = "es-419.lproj/LaunchScreen.strings"; sourceTree = "<group>"; };
		BE288ECD29926726005B274E /* TodoAcceptanceTests.swift */ = {isa = PBXFileReference; lastKnownFileType = sourcecode.swift; path = TodoAcceptanceTests.swift; sourceTree = "<group>"; };
		BE288ECF299273BD005B274E /* SceneDelegateTests.swift */ = {isa = PBXFileReference; lastKnownFileType = sourcecode.swift; path = SceneDelegateTests.swift; sourceTree = "<group>"; };
		BE288EE12992CE30005B274E /* XCTestCase+MemoryLeakTracking.swift */ = {isa = PBXFileReference; lastKnownFileType = sourcecode.swift; path = "XCTestCase+MemoryLeakTracking.swift"; sourceTree = "<group>"; };
		BE288EE32992DACC005B274E /* NullStore.swift */ = {isa = PBXFileReference; lastKnownFileType = sourcecode.swift; path = NullStore.swift; sourceTree = "<group>"; };
		BE288EE52992DB35005B274E /* InMemoryTodoStore.swift */ = {isa = PBXFileReference; lastKnownFileType = sourcecode.swift; path = InMemoryTodoStore.swift; sourceTree = "<group>"; };
		BE3880072991D87E00BA6712 /* TodoApp.app */ = {isa = PBXFileReference; explicitFileType = wrapper.application; includeInIndex = 0; path = TodoApp.app; sourceTree = BUILT_PRODUCTS_DIR; };
		BE38800A2991D87E00BA6712 /* AppDelegate.swift */ = {isa = PBXFileReference; lastKnownFileType = sourcecode.swift; path = AppDelegate.swift; sourceTree = "<group>"; };
		BE38800C2991D87E00BA6712 /* SceneDelegate.swift */ = {isa = PBXFileReference; lastKnownFileType = sourcecode.swift; path = SceneDelegate.swift; sourceTree = "<group>"; };
		BE3880132991D87F00BA6712 /* Assets.xcassets */ = {isa = PBXFileReference; lastKnownFileType = folder.assetcatalog; path = Assets.xcassets; sourceTree = "<group>"; };
		BE3880162991D87F00BA6712 /* Base */ = {isa = PBXFileReference; lastKnownFileType = file.storyboard; name = Base; path = Base.lproj/LaunchScreen.storyboard; sourceTree = "<group>"; };
		BE3880182991D87F00BA6712 /* Info.plist */ = {isa = PBXFileReference; lastKnownFileType = text.plist.xml; path = Info.plist; sourceTree = "<group>"; };
		BE38801D2991D88000BA6712 /* TodoAppTests.xctest */ = {isa = PBXFileReference; explicitFileType = wrapper.cfbundle; includeInIndex = 0; path = TodoAppTests.xctest; sourceTree = BUILT_PRODUCTS_DIR; };
		BE38803B2991D93A00BA6712 /* TodoEngine.framework */ = {isa = PBXFileReference; explicitFileType = wrapper.framework; path = TodoEngine.framework; sourceTree = BUILT_PRODUCTS_DIR; };
		BE38803C2991D93A00BA6712 /* TodoiOS.framework */ = {isa = PBXFileReference; explicitFileType = wrapper.framework; path = TodoiOS.framework; sourceTree = BUILT_PRODUCTS_DIR; };
/* End PBXFileReference section */

/* Begin PBXFrameworksBuildPhase section */
		BE3880042991D87E00BA6712 /* Frameworks */ = {
			isa = PBXFrameworksBuildPhase;
			buildActionMask = 2147483647;
			files = (
				BE38803F2991D93A00BA6712 /* TodoiOS.framework in Frameworks */,
				BE38803D2991D93A00BA6712 /* TodoEngine.framework in Frameworks */,
			);
			runOnlyForDeploymentPostprocessing = 0;
		};
		BE38801A2991D88000BA6712 /* Frameworks */ = {
			isa = PBXFrameworksBuildPhase;
			buildActionMask = 2147483647;
			files = (
			);
			runOnlyForDeploymentPostprocessing = 0;
		};
/* End PBXFrameworksBuildPhase section */

/* Begin PBXGroup section */
		BE288EDA2992CD3A005B274E /* Helpers */ = {
			isa = PBXGroup;
			children = (
				BE288EE12992CE30005B274E /* XCTestCase+MemoryLeakTracking.swift */,
				BE288EE52992DB35005B274E /* InMemoryTodoStore.swift */,
			);
			name = Helpers;
			path = ../../TodoEngine/TodoiOSTests/Helpers;
			sourceTree = "<group>";
		};
		BE387FFE2991D87E00BA6712 = {
			isa = PBXGroup;
			children = (
				BE3880092991D87E00BA6712 /* TodoApp */,
				BE3880202991D88000BA6712 /* TodoAppTests */,
				BE3880082991D87E00BA6712 /* Products */,
				BE38803A2991D93A00BA6712 /* Frameworks */,
			);
			sourceTree = "<group>";
		};
		BE3880082991D87E00BA6712 /* Products */ = {
			isa = PBXGroup;
			children = (
				BE3880072991D87E00BA6712 /* TodoApp.app */,
				BE38801D2991D88000BA6712 /* TodoAppTests.xctest */,
			);
			name = Products;
			sourceTree = "<group>";
		};
		BE3880092991D87E00BA6712 /* TodoApp */ = {
			isa = PBXGroup;
			children = (
				BE38800A2991D87E00BA6712 /* AppDelegate.swift */,
				BE38800C2991D87E00BA6712 /* SceneDelegate.swift */,
				BE3880132991D87F00BA6712 /* Assets.xcassets */,
				BE3880152991D87F00BA6712 /* LaunchScreen.storyboard */,
				BE3880182991D87F00BA6712 /* Info.plist */,
				BE288EE32992DACC005B274E /* NullStore.swift */,
			);
			path = TodoApp;
			sourceTree = "<group>";
		};
		BE3880202991D88000BA6712 /* TodoAppTests */ = {
			isa = PBXGroup;
			children = (
				BE288EDA2992CD3A005B274E /* Helpers */,
				BE288ECD29926726005B274E /* TodoAcceptanceTests.swift */,
				BE288ECF299273BD005B274E /* SceneDelegateTests.swift */,
			);
			path = TodoAppTests;
			sourceTree = "<group>";
		};
		BE38803A2991D93A00BA6712 /* Frameworks */ = {
			isa = PBXGroup;
			children = (
				BE38803B2991D93A00BA6712 /* TodoEngine.framework */,
				BE38803C2991D93A00BA6712 /* TodoiOS.framework */,
			);
			name = Frameworks;
			sourceTree = "<group>";
		};
/* End PBXGroup section */

/* Begin PBXNativeTarget section */
		BE3880062991D87E00BA6712 /* TodoApp */ = {
			isa = PBXNativeTarget;
			buildConfigurationList = BE3880312991D88000BA6712 /* Build configuration list for PBXNativeTarget "TodoApp" */;
			buildPhases = (
				BE3880032991D87E00BA6712 /* Sources */,
				BE3880042991D87E00BA6712 /* Frameworks */,
				BE3880052991D87E00BA6712 /* Resources */,
				BE3880412991D93B00BA6712 /* Embed Frameworks */,
			);
			buildRules = (
			);
			dependencies = (
			);
			name = TodoApp;
			productName = TodoApp;
			productReference = BE3880072991D87E00BA6712 /* TodoApp.app */;
			productType = "com.apple.product-type.application";
		};
		BE38801C2991D88000BA6712 /* TodoAppTests */ = {
			isa = PBXNativeTarget;
			buildConfigurationList = BE3880342991D88000BA6712 /* Build configuration list for PBXNativeTarget "TodoAppTests" */;
			buildPhases = (
				BE3880192991D88000BA6712 /* Sources */,
				BE38801A2991D88000BA6712 /* Frameworks */,
				BE38801B2991D88000BA6712 /* Resources */,
			);
			buildRules = (
			);
			dependencies = (
				BE38801F2991D88000BA6712 /* PBXTargetDependency */,
			);
			name = TodoAppTests;
			productName = TodoAppTests;
			productReference = BE38801D2991D88000BA6712 /* TodoAppTests.xctest */;
			productType = "com.apple.product-type.bundle.unit-test";
		};
/* End PBXNativeTarget section */

/* Begin PBXProject section */
		BE387FFF2991D87E00BA6712 /* Project object */ = {
			isa = PBXProject;
			attributes = {
				BuildIndependentTargetsInParallel = 1;
				LastSwiftUpdateCheck = 1420;
				LastUpgradeCheck = 1420;
				TargetAttributes = {
					BE3880062991D87E00BA6712 = {
						CreatedOnToolsVersion = 14.2;
					};
					BE38801C2991D88000BA6712 = {
						CreatedOnToolsVersion = 14.2;
						TestTargetID = BE3880062991D87E00BA6712;
					};
				};
			};
			buildConfigurationList = BE3880022991D87E00BA6712 /* Build configuration list for PBXProject "TodoApp" */;
			compatibilityVersion = "Xcode 14.0";
			developmentRegion = en;
			hasScannedForEncodings = 0;
			knownRegions = (
				en,
				Base,
				"es-419",
			);
			mainGroup = BE387FFE2991D87E00BA6712;
			productRefGroup = BE3880082991D87E00BA6712 /* Products */;
			projectDirPath = "";
			projectRoot = "";
			targets = (
				BE3880062991D87E00BA6712 /* TodoApp */,
				BE38801C2991D88000BA6712 /* TodoAppTests */,
			);
		};
/* End PBXProject section */

/* Begin PBXResourcesBuildPhase section */
		BE3880052991D87E00BA6712 /* Resources */ = {
			isa = PBXResourcesBuildPhase;
			buildActionMask = 2147483647;
			files = (
				BE3880172991D87F00BA6712 /* LaunchScreen.storyboard in Resources */,
				BE3880142991D87F00BA6712 /* Assets.xcassets in Resources */,
			);
			runOnlyForDeploymentPostprocessing = 0;
		};
		BE38801B2991D88000BA6712 /* Resources */ = {
			isa = PBXResourcesBuildPhase;
			buildActionMask = 2147483647;
			files = (
			);
			runOnlyForDeploymentPostprocessing = 0;
		};
/* End PBXResourcesBuildPhase section */

/* Begin PBXSourcesBuildPhase section */
		BE3880032991D87E00BA6712 /* Sources */ = {
			isa = PBXSourcesBuildPhase;
			buildActionMask = 2147483647;
			files = (
				BE38800B2991D87E00BA6712 /* AppDelegate.swift in Sources */,
				BE38800D2991D87E00BA6712 /* SceneDelegate.swift in Sources */,
				BE288EE42992DACC005B274E /* NullStore.swift in Sources */,
			);
			runOnlyForDeploymentPostprocessing = 0;
		};
		BE3880192991D88000BA6712 /* Sources */ = {
			isa = PBXSourcesBuildPhase;
			buildActionMask = 2147483647;
			files = (
				BE288ECE29926726005B274E /* TodoAcceptanceTests.swift in Sources */,
				BE288EE22992CE30005B274E /* XCTestCase+MemoryLeakTracking.swift in Sources */,
				BE288EE62992DB35005B274E /* InMemoryTodoStore.swift in Sources */,
				BE288ED0299273BD005B274E /* SceneDelegateTests.swift in Sources */,
			);
			runOnlyForDeploymentPostprocessing = 0;
		};
/* End PBXSourcesBuildPhase section */

/* Begin PBXTargetDependency section */
		BE38801F2991D88000BA6712 /* PBXTargetDependency */ = {
			isa = PBXTargetDependency;
			target = BE3880062991D87E00BA6712 /* TodoApp */;
			targetProxy = BE38801E2991D88000BA6712 /* PBXContainerItemProxy */;
		};
/* End PBXTargetDependency section */

/* Begin PBXVariantGroup section */
		BE3880152991D87F00BA6712 /* LaunchScreen.storyboard */ = {
			isa = PBXVariantGroup;
			children = (
				BE3880162991D87F00BA6712 /* Base */,
				BE04CA5C29955F3900EF1945 /* es-419 */,
			);
			name = LaunchScreen.storyboard;
			sourceTree = "<group>";
		};
/* End PBXVariantGroup section */

/* Begin XCBuildConfiguration section */
		BE38802F2991D88000BA6712 /* Debug */ = {
			isa = XCBuildConfiguration;
			buildSettings = {
				ALWAYS_SEARCH_USER_PATHS = NO;
				CLANG_ANALYZER_LOCALIZABILITY_NONLOCALIZED = YES;
				CLANG_ANALYZER_NONNULL = YES;
				CLANG_ANALYZER_NUMBER_OBJECT_CONVERSION = YES_AGGRESSIVE;
				CLANG_CXX_LANGUAGE_STANDARD = "gnu++20";
				CLANG_ENABLE_MODULES = YES;
				CLANG_ENABLE_OBJC_ARC = YES;
				CLANG_ENABLE_OBJC_WEAK = YES;
				CLANG_WARN_BLOCK_CAPTURE_AUTORELEASING = YES;
				CLANG_WARN_BOOL_CONVERSION = YES;
				CLANG_WARN_COMMA = YES;
				CLANG_WARN_CONSTANT_CONVERSION = YES;
				CLANG_WARN_DEPRECATED_OBJC_IMPLEMENTATIONS = YES;
				CLANG_WARN_DIRECT_OBJC_ISA_USAGE = YES_ERROR;
				CLANG_WARN_DOCUMENTATION_COMMENTS = YES;
				CLANG_WARN_EMPTY_BODY = YES;
				CLANG_WARN_ENUM_CONVERSION = YES;
				CLANG_WARN_INFINITE_RECURSION = YES;
				CLANG_WARN_INT_CONVERSION = YES;
				CLANG_WARN_NON_LITERAL_NULL_CONVERSION = YES;
				CLANG_WARN_OBJC_IMPLICIT_RETAIN_SELF = YES;
				CLANG_WARN_OBJC_LITERAL_CONVERSION = YES;
				CLANG_WARN_OBJC_ROOT_CLASS = YES_ERROR;
				CLANG_WARN_QUOTED_INCLUDE_IN_FRAMEWORK_HEADER = YES;
				CLANG_WARN_RANGE_LOOP_ANALYSIS = YES;
				CLANG_WARN_STRICT_PROTOTYPES = YES;
				CLANG_WARN_SUSPICIOUS_MOVE = YES;
				CLANG_WARN_UNGUARDED_AVAILABILITY = YES_AGGRESSIVE;
				CLANG_WARN_UNREACHABLE_CODE = YES;
				CLANG_WARN__DUPLICATE_METHOD_MATCH = YES;
				COPY_PHASE_STRIP = NO;
				DEBUG_INFORMATION_FORMAT = dwarf;
				ENABLE_STRICT_OBJC_MSGSEND = YES;
				ENABLE_TESTABILITY = YES;
				GCC_C_LANGUAGE_STANDARD = gnu11;
				GCC_DYNAMIC_NO_PIC = NO;
				GCC_NO_COMMON_BLOCKS = YES;
				GCC_OPTIMIZATION_LEVEL = 0;
				GCC_PREPROCESSOR_DEFINITIONS = (
					"DEBUG=1",
					"$(inherited)",
				);
				GCC_WARN_64_TO_32_BIT_CONVERSION = YES;
				GCC_WARN_ABOUT_RETURN_TYPE = YES_ERROR;
				GCC_WARN_UNDECLARED_SELECTOR = YES;
				GCC_WARN_UNINITIALIZED_AUTOS = YES_AGGRESSIVE;
				GCC_WARN_UNUSED_FUNCTION = YES;
				GCC_WARN_UNUSED_VARIABLE = YES;
				IPHONEOS_DEPLOYMENT_TARGET = 16.2;
				MTL_ENABLE_DEBUG_INFO = INCLUDE_SOURCE;
				MTL_FAST_MATH = YES;
				ONLY_ACTIVE_ARCH = YES;
				SDKROOT = iphoneos;
				SWIFT_ACTIVE_COMPILATION_CONDITIONS = DEBUG;
				SWIFT_OPTIMIZATION_LEVEL = "-Onone";
			};
			name = Debug;
		};
		BE3880302991D88000BA6712 /* Release */ = {
			isa = XCBuildConfiguration;
			buildSettings = {
				ALWAYS_SEARCH_USER_PATHS = NO;
				CLANG_ANALYZER_LOCALIZABILITY_NONLOCALIZED = YES;
				CLANG_ANALYZER_NONNULL = YES;
				CLANG_ANALYZER_NUMBER_OBJECT_CONVERSION = YES_AGGRESSIVE;
				CLANG_CXX_LANGUAGE_STANDARD = "gnu++20";
				CLANG_ENABLE_MODULES = YES;
				CLANG_ENABLE_OBJC_ARC = YES;
				CLANG_ENABLE_OBJC_WEAK = YES;
				CLANG_WARN_BLOCK_CAPTURE_AUTORELEASING = YES;
				CLANG_WARN_BOOL_CONVERSION = YES;
				CLANG_WARN_COMMA = YES;
				CLANG_WARN_CONSTANT_CONVERSION = YES;
				CLANG_WARN_DEPRECATED_OBJC_IMPLEMENTATIONS = YES;
				CLANG_WARN_DIRECT_OBJC_ISA_USAGE = YES_ERROR;
				CLANG_WARN_DOCUMENTATION_COMMENTS = YES;
				CLANG_WARN_EMPTY_BODY = YES;
				CLANG_WARN_ENUM_CONVERSION = YES;
				CLANG_WARN_INFINITE_RECURSION = YES;
				CLANG_WARN_INT_CONVERSION = YES;
				CLANG_WARN_NON_LITERAL_NULL_CONVERSION = YES;
				CLANG_WARN_OBJC_IMPLICIT_RETAIN_SELF = YES;
				CLANG_WARN_OBJC_LITERAL_CONVERSION = YES;
				CLANG_WARN_OBJC_ROOT_CLASS = YES_ERROR;
				CLANG_WARN_QUOTED_INCLUDE_IN_FRAMEWORK_HEADER = YES;
				CLANG_WARN_RANGE_LOOP_ANALYSIS = YES;
				CLANG_WARN_STRICT_PROTOTYPES = YES;
				CLANG_WARN_SUSPICIOUS_MOVE = YES;
				CLANG_WARN_UNGUARDED_AVAILABILITY = YES_AGGRESSIVE;
				CLANG_WARN_UNREACHABLE_CODE = YES;
				CLANG_WARN__DUPLICATE_METHOD_MATCH = YES;
				COPY_PHASE_STRIP = NO;
				DEBUG_INFORMATION_FORMAT = "dwarf-with-dsym";
				ENABLE_NS_ASSERTIONS = NO;
				ENABLE_STRICT_OBJC_MSGSEND = YES;
				GCC_C_LANGUAGE_STANDARD = gnu11;
				GCC_NO_COMMON_BLOCKS = YES;
				GCC_WARN_64_TO_32_BIT_CONVERSION = YES;
				GCC_WARN_ABOUT_RETURN_TYPE = YES_ERROR;
				GCC_WARN_UNDECLARED_SELECTOR = YES;
				GCC_WARN_UNINITIALIZED_AUTOS = YES_AGGRESSIVE;
				GCC_WARN_UNUSED_FUNCTION = YES;
				GCC_WARN_UNUSED_VARIABLE = YES;
				IPHONEOS_DEPLOYMENT_TARGET = 16.2;
				MTL_ENABLE_DEBUG_INFO = NO;
				MTL_FAST_MATH = YES;
				SDKROOT = iphoneos;
				SWIFT_COMPILATION_MODE = wholemodule;
				SWIFT_OPTIMIZATION_LEVEL = "-O";
				VALIDATE_PRODUCT = YES;
			};
			name = Release;
		};
		BE3880322991D88000BA6712 /* Debug */ = {
			isa = XCBuildConfiguration;
			buildSettings = {
				ASSETCATALOG_COMPILER_APPICON_NAME = AppIcon;
				ASSETCATALOG_COMPILER_GLOBAL_ACCENT_COLOR_NAME = AccentColor;
				CODE_SIGN_STYLE = Automatic;
				CURRENT_PROJECT_VERSION = 1;
				DEVELOPMENT_TEAM = 77QB78PHPH;
				GENERATE_INFOPLIST_FILE = YES;
				INFOPLIST_FILE = TodoApp/Info.plist;
				INFOPLIST_KEY_CFBundleDisplayName = Tasks;
				INFOPLIST_KEY_UIApplicationSupportsIndirectInputEvents = YES;
				INFOPLIST_KEY_UILaunchStoryboardName = LaunchScreen;
				INFOPLIST_KEY_UISupportedInterfaceOrientations_iPad = "UIInterfaceOrientationPortrait UIInterfaceOrientationPortraitUpsideDown UIInterfaceOrientationLandscapeLeft UIInterfaceOrientationLandscapeRight";
				INFOPLIST_KEY_UISupportedInterfaceOrientations_iPhone = "UIInterfaceOrientationPortrait UIInterfaceOrientationLandscapeLeft UIInterfaceOrientationLandscapeRight";
				LD_RUNPATH_SEARCH_PATHS = (
					"$(inherited)",
					"@executable_path/Frameworks",
				);
				MARKETING_VERSION = 1.0;
				PRODUCT_BUNDLE_IDENTIFIER = saults.TodoApp;
				PRODUCT_NAME = "$(TARGET_NAME)";
				SWIFT_EMIT_LOC_STRINGS = YES;
				SWIFT_VERSION = 5.0;
				TARGETED_DEVICE_FAMILY = "1,2";
			};
			name = Debug;
		};
		BE3880332991D88000BA6712 /* Release */ = {
			isa = XCBuildConfiguration;
			buildSettings = {
				ASSETCATALOG_COMPILER_APPICON_NAME = AppIcon;
				ASSETCATALOG_COMPILER_GLOBAL_ACCENT_COLOR_NAME = AccentColor;
				CODE_SIGN_STYLE = Automatic;
				CURRENT_PROJECT_VERSION = 1;
				DEVELOPMENT_TEAM = 77QB78PHPH;
				GENERATE_INFOPLIST_FILE = YES;
				INFOPLIST_FILE = TodoApp/Info.plist;
				INFOPLIST_KEY_CFBundleDisplayName = Tasks;
				INFOPLIST_KEY_UIApplicationSupportsIndirectInputEvents = YES;
				INFOPLIST_KEY_UILaunchStoryboardName = LaunchScreen;
				INFOPLIST_KEY_UISupportedInterfaceOrientations_iPad = "UIInterfaceOrientationPortrait UIInterfaceOrientationPortraitUpsideDown UIInterfaceOrientationLandscapeLeft UIInterfaceOrientationLandscapeRight";
				INFOPLIST_KEY_UISupportedInterfaceOrientations_iPhone = "UIInterfaceOrientationPortrait UIInterfaceOrientationLandscapeLeft UIInterfaceOrientationLandscapeRight";
				LD_RUNPATH_SEARCH_PATHS = (
					"$(inherited)",
					"@executable_path/Frameworks",
				);
				MARKETING_VERSION = 1.0;
				PRODUCT_BUNDLE_IDENTIFIER = saults.TodoApp;
				PRODUCT_NAME = "$(TARGET_NAME)";
				SWIFT_EMIT_LOC_STRINGS = YES;
				SWIFT_VERSION = 5.0;
				TARGETED_DEVICE_FAMILY = "1,2";
			};
			name = Release;
		};
		BE3880352991D88000BA6712 /* Debug */ = {
			isa = XCBuildConfiguration;
			buildSettings = {
				ALWAYS_EMBED_SWIFT_STANDARD_LIBRARIES = YES;
				BUNDLE_LOADER = "$(TEST_HOST)";
				CODE_SIGN_STYLE = Automatic;
				CURRENT_PROJECT_VERSION = 1;
				DEVELOPMENT_TEAM = 77QB78PHPH;
				GENERATE_INFOPLIST_FILE = YES;
				IPHONEOS_DEPLOYMENT_TARGET = 16.2;
				MARKETING_VERSION = 1.0;
				PRODUCT_BUNDLE_IDENTIFIER = saults.TodoAppTests;
				PRODUCT_NAME = "$(TARGET_NAME)";
				SWIFT_EMIT_LOC_STRINGS = NO;
				SWIFT_VERSION = 5.0;
				TARGETED_DEVICE_FAMILY = "1,2";
				TEST_HOST = "$(BUILT_PRODUCTS_DIR)/TodoApp.app/$(BUNDLE_EXECUTABLE_FOLDER_PATH)/TodoApp";
			};
			name = Debug;
		};
		BE3880362991D88000BA6712 /* Release */ = {
			isa = XCBuildConfiguration;
			buildSettings = {
				ALWAYS_EMBED_SWIFT_STANDARD_LIBRARIES = YES;
				BUNDLE_LOADER = "$(TEST_HOST)";
				CODE_SIGN_STYLE = Automatic;
				CURRENT_PROJECT_VERSION = 1;
				DEVELOPMENT_TEAM = 77QB78PHPH;
				GENERATE_INFOPLIST_FILE = YES;
				IPHONEOS_DEPLOYMENT_TARGET = 16.2;
				MARKETING_VERSION = 1.0;
				PRODUCT_BUNDLE_IDENTIFIER = saults.TodoAppTests;
				PRODUCT_NAME = "$(TARGET_NAME)";
				SWIFT_EMIT_LOC_STRINGS = NO;
				SWIFT_VERSION = 5.0;
				TARGETED_DEVICE_FAMILY = "1,2";
				TEST_HOST = "$(BUILT_PRODUCTS_DIR)/TodoApp.app/$(BUNDLE_EXECUTABLE_FOLDER_PATH)/TodoApp";
			};
			name = Release;
		};
/* End XCBuildConfiguration section */

/* Begin XCConfigurationList section */
		BE3880022991D87E00BA6712 /* Build configuration list for PBXProject "TodoApp" */ = {
			isa = XCConfigurationList;
			buildConfigurations = (
				BE38802F2991D88000BA6712 /* Debug */,
				BE3880302991D88000BA6712 /* Release */,
			);
			defaultConfigurationIsVisible = 0;
			defaultConfigurationName = Release;
		};
		BE3880312991D88000BA6712 /* Build configuration list for PBXNativeTarget "TodoApp" */ = {
			isa = XCConfigurationList;
			buildConfigurations = (
				BE3880322991D88000BA6712 /* Debug */,
				BE3880332991D88000BA6712 /* Release */,
			);
			defaultConfigurationIsVisible = 0;
			defaultConfigurationName = Release;
		};
		BE3880342991D88000BA6712 /* Build configuration list for PBXNativeTarget "TodoAppTests" */ = {
			isa = XCConfigurationList;
			buildConfigurations = (
				BE3880352991D88000BA6712 /* Debug */,
				BE3880362991D88000BA6712 /* Release */,
			);
			defaultConfigurationIsVisible = 0;
			defaultConfigurationName = Release;
		};
/* End XCConfigurationList section */
	};
	rootObject = BE387FFF2991D87E00BA6712 /* Project object */;
}
